// !$*UTF8*$!
{
	archiveVersion = 1;
	classes = {
	};
	objectVersion = 46;
	objects = {

/* Begin PBXAggregateTarget section */
		5A834CE544DE43F1AEC5198F /* install */ = {
			isa = PBXAggregateTarget;
			buildConfigurationList = AE8233E3348340BD86FB0793 /* Build configuration list for PBXAggregateTarget "install" */;
			buildPhases = (
				93426DA6A4AC2C2AC9CE883C /* CMake PostBuild Rules */,
			);
			dependencies = (
				317C6F3C63EA4C80A8804475 /* PBXTargetDependency */,
			);
			name = install;
			productName = install;
		};
		5CA13FC1492D4E888D335334 /* ZERO_CHECK */ = {
			isa = PBXAggregateTarget;
			buildConfigurationList = CD307373DFE64B798F6D81E8 /* Build configuration list for PBXAggregateTarget "ZERO_CHECK" */;
			buildPhases = (
				5284D45740707AE39C53BD23 /* Generate CMakeFiles/ZERO_CHECK */,
			);
			dependencies = (
			);
			name = ZERO_CHECK;
			productName = ZERO_CHECK;
		};
		AD63CFB3BCFD4BBDAB1C038F /* ALL_BUILD */ = {
			isa = PBXAggregateTarget;
			buildConfigurationList = 5CB66DD5AB2447BCB8B2CCF6 /* Build configuration list for PBXAggregateTarget "ALL_BUILD" */;
			buildPhases = (
				0B07F8D8DA6419AA5B730FC8 /* Generate CMakeFiles/ALL_BUILD */,
			);
			dependencies = (
				18502CC6BF6440F3BD0C87D3 /* PBXTargetDependency */,
				0A491D0E1C2D43FA8132B54E /* PBXTargetDependency */,
				94CF199CC2F94E0F8D6D4E9A /* PBXTargetDependency */,
				6AD5537222144C74A5C2BA03 /* PBXTargetDependency */,
			);
			name = ALL_BUILD;
			productName = ALL_BUILD;
		};
/* End PBXAggregateTarget section */

/* Begin PBXBuildFile section */
		0F6DD45CE9664E649551EC16 /* /Users/jd827/Software/CardioMechanics/electrophysiology/src/acCELLerate/CMakeLists.txt */ = {isa = PBXBuildFile; fileRef = FABB280234D04589B3B6B124 /* /Users/jd827/Software/CardioMechanics/electrophysiology/src/acCELLerate/CMakeLists.txt */; };
		1C4B702B482943A6B1FB3988 /* /Users/jd827/Software/CardioMechanics/electrophysiology/src/acCELLerate/acltCellModel.cpp */ = {isa = PBXBuildFile; fileRef = 2509D07012BB4D55875CE328 /* /Users/jd827/Software/CardioMechanics/electrophysiology/src/acCELLerate/acltCellModel.cpp */; };
		A3965CA6635649B98C056E1B /* /Users/jd827/Software/CardioMechanics/electrophysiology/src/acCELLerate/CMakeLists.txt */ = {isa = PBXBuildFile; fileRef = 2E211AB63590438D905ADDED /* /Users/jd827/Software/CardioMechanics/electrophysiology/src/acCELLerate/CMakeLists.txt */; };
		A5A7FDE4B70B421EA0331635 /* /Users/jd827/Software/CardioMechanics/electrophysiology/src/MathBasics/kaTabularizedFunction.cpp */ = {isa = PBXBuildFile; fileRef = 8DD7D2F2BC9D401680FD5C03 /* /Users/jd827/Software/CardioMechanics/electrophysiology/src/MathBasics/kaTabularizedFunction.cpp */; };
		D3CCB092F3674491A6EB5EB1 /* /Users/jd827/Software/CardioMechanics/electrophysiology/src/acCELLerate/acCELLerate.cpp */ = {isa = PBXBuildFile; fileRef = 34936C31702C490590108707 /* /Users/jd827/Software/CardioMechanics/electrophysiology/src/acCELLerate/acCELLerate.cpp */; };
		D3D4A1DBA9BE4C8080D2CCA3 /* /Users/jd827/Software/CardioMechanics/electrophysiology/src/acCELLerate/PETScLSE.cpp */ = {isa = PBXBuildFile; fileRef = 969B9E6E82F14E948C905E68 /* /Users/jd827/Software/CardioMechanics/electrophysiology/src/acCELLerate/PETScLSE.cpp */; };
		EF9417724E264732B70AAF95 /* /Applications/Xcode.app/Contents/Developer/Platforms/MacOSX.platform/Developer/SDKs/MacOSX13.3.sdk/System/Library/Frameworks/Accelerate.framework */ = {isa = PBXBuildFile; fileRef = 6DBE88C975EB419AB270185B /* /Applications/Xcode.app/Contents/Developer/Platforms/MacOSX.platform/Developer/SDKs/MacOSX13.3.sdk/System/Library/Frameworks/Accelerate.framework */; };
		FB93BB8D2A2B4564939175ED /* /Users/jd827/Software/CardioMechanics/electrophysiology/src/acCELLerate/CMakeLists.txt */ = {isa = PBXBuildFile; fileRef = 01905B2ADB53402AA9F492FC /* /Users/jd827/Software/CardioMechanics/electrophysiology/src/acCELLerate/CMakeLists.txt */; };
/* End PBXBuildFile section */

/* Begin PBXBuildStyle section */
		978857556F214B7E866BD41A /* MinSizeRel */ = {
			isa = PBXBuildStyle;
			buildSettings = {
				COPY_PHASE_STRIP = NO;
			};
			name = MinSizeRel;
		};
		BD2A4F9F33F540D5961833F4 /* Debug */ = {
			isa = PBXBuildStyle;
			buildSettings = {
				COPY_PHASE_STRIP = NO;
			};
			name = Debug;
		};
		E1BC51EBF4F945A7A5FA1D0E /* Release */ = {
			isa = PBXBuildStyle;
			buildSettings = {
				COPY_PHASE_STRIP = NO;
			};
			name = Release;
		};
		F9B4B50C664D422789DE68DC /* RelWithDebInfo */ = {
			isa = PBXBuildStyle;
			buildSettings = {
				COPY_PHASE_STRIP = NO;
			};
			name = RelWithDebInfo;
		};
/* End PBXBuildStyle section */

/* Begin PBXContainerItemProxy section */
		06BACE5140714509BCE46879 /* PBXContainerItemProxy */ = {
			isa = PBXContainerItemProxy;
			containerPortal = 986489995C1D435187093DFB /* Project object */;
			proxyType = 1;
			remoteGlobalIDString = AD63CFB3BCFD4BBDAB1C038F;
			remoteInfo = ALL_BUILD;
		};
		0BDD3C8A5D39482CAFDB04CA /* PBXContainerItemProxy */ = {
			isa = PBXContainerItemProxy;
			containerPortal = 986489995C1D435187093DFB /* Project object */;
			proxyType = 1;
			remoteGlobalIDString = 5CA13FC1492D4E888D335334;
			remoteInfo = ZERO_CHECK;
		};
		0F059081E99144C0B5523D78 /* PBXContainerItemProxy */ = {
			isa = PBXContainerItemProxy;
			containerPortal = 986489995C1D435187093DFB /* Project object */;
			proxyType = 1;
			remoteGlobalIDString = B3961B434B1B49858779AA54;
			remoteInfo = PETScLSE;
		};
		10EEEBCF990441719534F668 /* PBXContainerItemProxy */ = {
			isa = PBXContainerItemProxy;
			containerPortal = 986489995C1D435187093DFB /* Project object */;
			proxyType = 1;
			remoteGlobalIDString = 3AF7664E4F8C43A78CF6FF6F;
			remoteInfo = kaTabularizedFunction;
		};
		2A8B3BD81CE948A9A5F949AF /* PBXContainerItemProxy */ = {
			isa = PBXContainerItemProxy;
			containerPortal = 986489995C1D435187093DFB /* Project object */;
			proxyType = 1;
			remoteGlobalIDString = 5CA13FC1492D4E888D335334;
			remoteInfo = ZERO_CHECK;
		};
		5EB3A08F23194050BC023A30 /* PBXContainerItemProxy */ = {
			isa = PBXContainerItemProxy;
			containerPortal = 986489995C1D435187093DFB /* Project object */;
			proxyType = 1;
			remoteGlobalIDString = 5CA13FC1492D4E888D335334;
			remoteInfo = ZERO_CHECK;
		};
		65596DAA1E244620B9D96A30 /* PBXContainerItemProxy */ = {
			isa = PBXContainerItemProxy;
			containerPortal = 986489995C1D435187093DFB /* Project object */;
			proxyType = 1;
			remoteGlobalIDString = B3961B434B1B49858779AA54;
			remoteInfo = PETScLSE;
		};
		751F8F551E884CF9AF9DFAC7 /* PBXContainerItemProxy */ = {
			isa = PBXContainerItemProxy;
			containerPortal = 986489995C1D435187093DFB /* Project object */;
			proxyType = 1;
			remoteGlobalIDString = 5CA13FC1492D4E888D335334;
			remoteInfo = ZERO_CHECK;
		};
		E36BC16431EA4478A1D8CED4 /* PBXContainerItemProxy */ = {
			isa = PBXContainerItemProxy;
			containerPortal = 986489995C1D435187093DFB /* Project object */;
			proxyType = 1;
			remoteGlobalIDString = 3AF7664E4F8C43A78CF6FF6F;
			remoteInfo = kaTabularizedFunction;
		};
		FFB2193153E14A2B962E9653 /* PBXContainerItemProxy */ = {
			isa = PBXContainerItemProxy;
			containerPortal = 986489995C1D435187093DFB /* Project object */;
			proxyType = 1;
			remoteGlobalIDString = 264050AB503441B6979AD871;
			remoteInfo = acCELLerate;
		};
/* End PBXContainerItemProxy section */

/* Begin PBXFileReference section */
		01905B2ADB53402AA9F492FC /* /Users/jd827/Software/CardioMechanics/electrophysiology/src/acCELLerate/CMakeLists.txt */ = {isa = PBXFileReference; explicitFileType = sourcecode.text; fileEncoding = 4; name = CMakeLists.txt; path = CMakeLists.txt; sourceTree = SOURCE_ROOT; };
		2509D07012BB4D55875CE328 /* /Users/jd827/Software/CardioMechanics/electrophysiology/src/acCELLerate/acltCellModel.cpp */ = {isa = PBXFileReference; explicitFileType = sourcecode.cpp.cpp; fileEncoding = 4; name = acltCellModel.cpp; path = acltCellModel.cpp; sourceTree = SOURCE_ROOT; };
		2E211AB63590438D905ADDED /* /Users/jd827/Software/CardioMechanics/electrophysiology/src/acCELLerate/CMakeLists.txt */ = {isa = PBXFileReference; explicitFileType = sourcecode.text; fileEncoding = 4; name = CMakeLists.txt; path = CMakeLists.txt; sourceTree = SOURCE_ROOT; };
		34936C31702C490590108707 /* /Users/jd827/Software/CardioMechanics/electrophysiology/src/acCELLerate/acCELLerate.cpp */ = {isa = PBXFileReference; explicitFileType = sourcecode.cpp.cpp; fileEncoding = 4; name = acCELLerate.cpp; path = acCELLerate.cpp; sourceTree = SOURCE_ROOT; };
		51DBAB37ADFC4267990352B2 /* PETScLSE */ = {isa = PBXFileReference; explicitFileType = archive.ar; path = libPETScLSE.a; sourceTree = BUILT_PRODUCTS_DIR; };
		550A6900D2944DD7AAD4A37B /* /Users/jd827/Software/CardioMechanics/electrophysiology/src/acCELLerate/CMakeLists.txt */ = {isa = PBXFileReference; explicitFileType = sourcecode.text; fileEncoding = 4; name = CMakeLists.txt; path = CMakeLists.txt; sourceTree = SOURCE_ROOT; };
		5770D2433672491DB090E8D0 /* acCELLerate */ = {isa = PBXFileReference; explicitFileType = "compiled.mach-o.executable"; path = acCELLerate; sourceTree = BUILT_PRODUCTS_DIR; };
		6DBE88C975EB419AB270185B /* /Applications/Xcode.app/Contents/Developer/Platforms/MacOSX.platform/Developer/SDKs/MacOSX13.3.sdk/System/Library/Frameworks/Accelerate.framework */ = {isa = PBXFileReference; fileEncoding = 4; lastKnownFileType = wrapper.framework; name = Accelerate.framework; path = /Applications/Xcode.app/Contents/Developer/Platforms/MacOSX.platform/Developer/SDKs/MacOSX13.3.sdk/System/Library/Frameworks/Accelerate.framework; sourceTree = "<absolute>"; };
		8684E5CAE8104BB48CD08CFC /* kaTabularizedFunction */ = {isa = PBXFileReference; explicitFileType = archive.ar; path = libkaTabularizedFunction.a; sourceTree = BUILT_PRODUCTS_DIR; };
		8DD7D2F2BC9D401680FD5C03 /* /Users/jd827/Software/CardioMechanics/electrophysiology/src/MathBasics/kaTabularizedFunction.cpp */ = {isa = PBXFileReference; explicitFileType = sourcecode.cpp.cpp; fileEncoding = 4; name = kaTabularizedFunction.cpp; path = /Users/jd827/Software/CardioMechanics/electrophysiology/src/MathBasics/kaTabularizedFunction.cpp; sourceTree = "<absolute>"; };
		969B9E6E82F14E948C905E68 /* /Users/jd827/Software/CardioMechanics/electrophysiology/src/acCELLerate/PETScLSE.cpp */ = {isa = PBXFileReference; explicitFileType = sourcecode.cpp.cpp; fileEncoding = 4; name = PETScLSE.cpp; path = PETScLSE.cpp; sourceTree = SOURCE_ROOT; };
		FABB280234D04589B3B6B124 /* /Users/jd827/Software/CardioMechanics/electrophysiology/src/acCELLerate/CMakeLists.txt */ = {isa = PBXFileReference; explicitFileType = sourcecode.text; fileEncoding = 4; name = CMakeLists.txt; path = CMakeLists.txt; sourceTree = SOURCE_ROOT; };
/* End PBXFileReference section */

/* Begin PBXFrameworksBuildPhase section */
		6B0D4933BB09474585D4D8E3 /* Frameworks */ = {
			isa = PBXFrameworksBuildPhase;
			buildActionMask = 2147483647;
			files = (
			);
			runOnlyForDeploymentPostprocessing = 0;
		};
		913E215986244A5D85F86336 /* Frameworks */ = {
			isa = PBXFrameworksBuildPhase;
			buildActionMask = 2147483647;
			files = (
			);
			runOnlyForDeploymentPostprocessing = 0;
		};
		C01901F75D5442388458E13D /* Frameworks */ = {
			isa = PBXFrameworksBuildPhase;
			buildActionMask = 2147483647;
			files = (
			);
			runOnlyForDeploymentPostprocessing = 0;
		};
/* End PBXFrameworksBuildPhase section */

/* Begin PBXGroup section */
		28C355EDFB394518A3479CFE /* kaTabularizedFunction */ = {
			isa = PBXGroup;
			children = (
				86900D77E31044109A02B948 /* Source Files */,
				2E211AB63590438D905ADDED /* /Users/jd827/Software/CardioMechanics/electrophysiology/src/acCELLerate/CMakeLists.txt */,
			);
			name = kaTabularizedFunction;
			sourceTree = "<group>";
		};
		4229C19439234306A4D71981 /* ALL_BUILD */ = {
			isa = PBXGroup;
			children = (
				9428B147D0804A60999048A5 /* CMake Rules */,
				550A6900D2944DD7AAD4A37B /* /Users/jd827/Software/CardioMechanics/electrophysiology/src/acCELLerate/CMakeLists.txt */,
			);
			name = ALL_BUILD;
			sourceTree = "<group>";
		};
		459D22E3AC2F45758A00176E /* Frameworks */ = {
			isa = PBXGroup;
			children = (
				6DBE88C975EB419AB270185B /* /Applications/Xcode.app/Contents/Developer/Platforms/MacOSX.platform/Developer/SDKs/MacOSX13.3.sdk/System/Library/Frameworks/Accelerate.framework */,
			);
			name = Frameworks;
			sourceTree = "<group>";
		};
		4963CD95B77846FFBB68DE08 /* Source Files */ = {
			isa = PBXGroup;
			children = (
				34936C31702C490590108707 /* /Users/jd827/Software/CardioMechanics/electrophysiology/src/acCELLerate/acCELLerate.cpp */,
				2509D07012BB4D55875CE328 /* /Users/jd827/Software/CardioMechanics/electrophysiology/src/acCELLerate/acltCellModel.cpp */,
			);
			name = "Source Files";
			sourceTree = "<group>";
		};
		7701178C9CAC4593998F62BF /* Products */ = {
			isa = PBXGroup;
			children = (
				51DBAB37ADFC4267990352B2 /* PETScLSE */,
				5770D2433672491DB090E8D0 /* acCELLerate */,
				8684E5CAE8104BB48CD08CFC /* kaTabularizedFunction */,
			);
			name = Products;
			sourceTree = "<group>";
		};
		86900D77E31044109A02B948 /* Source Files */ = {
			isa = PBXGroup;
			children = (
				8DD7D2F2BC9D401680FD5C03 /* /Users/jd827/Software/CardioMechanics/electrophysiology/src/MathBasics/kaTabularizedFunction.cpp */,
			);
			name = "Source Files";
			sourceTree = "<group>";
		};
		9428B147D0804A60999048A5 /* CMake Rules */ = {
			isa = PBXGroup;
			children = (
			);
			name = "CMake Rules";
			sourceTree = "<group>";
		};
		CEED8B3F7EE34D9DAAE44749 /* Source Files */ = {
			isa = PBXGroup;
			children = (
				969B9E6E82F14E948C905E68 /* /Users/jd827/Software/CardioMechanics/electrophysiology/src/acCELLerate/PETScLSE.cpp */,
			);
			name = "Source Files";
			sourceTree = "<group>";
		};
		D7F4E2CA68034D0682D1F009 = {
			isa = PBXGroup;
			children = (
				DCC87E5B0BEC456B8384F687 /* PETScLSE */,
				28C355EDFB394518A3479CFE /* kaTabularizedFunction */,
				FD633B52C36A4A698BDCABF8 /* acCELLerate */,
				4229C19439234306A4D71981 /* ALL_BUILD */,
				7701178C9CAC4593998F62BF /* Products */,
				459D22E3AC2F45758A00176E /* Frameworks */,
			);
			sourceTree = "<group>";
		};
		DCC87E5B0BEC456B8384F687 /* PETScLSE */ = {
			isa = PBXGroup;
			children = (
				CEED8B3F7EE34D9DAAE44749 /* Source Files */,
				FABB280234D04589B3B6B124 /* /Users/jd827/Software/CardioMechanics/electrophysiology/src/acCELLerate/CMakeLists.txt */,
			);
			name = PETScLSE;
			sourceTree = "<group>";
		};
		FD633B52C36A4A698BDCABF8 /* acCELLerate */ = {
			isa = PBXGroup;
			children = (
				4963CD95B77846FFBB68DE08 /* Source Files */,
				01905B2ADB53402AA9F492FC /* /Users/jd827/Software/CardioMechanics/electrophysiology/src/acCELLerate/CMakeLists.txt */,
			);
			name = acCELLerate;
			sourceTree = "<group>";
		};
/* End PBXGroup section */

/* Begin PBXNativeTarget section */
		264050AB503441B6979AD871 /* acCELLerate */ = {
			isa = PBXNativeTarget;
			buildConfigurationList = 8D77EF9203C34344AD40666C /* Build configuration list for PBXNativeTarget "acCELLerate" */;
			buildPhases = (
				C56B51467EF541348D5C181A /* Sources */,
				6B0D4933BB09474585D4D8E3 /* Frameworks */,
			);
			buildRules = (
			);
			dependencies = (
				FB0FDE0A893D4AB1AC5F99A1 /* PBXTargetDependency */,
				7ACCD0B1DB0C4067BB27A325 /* PBXTargetDependency */,
				90F4170496A84C488A298E75 /* PBXTargetDependency */,
			);
			name = acCELLerate;
			productName = acCELLerate;
			productReference = 5770D2433672491DB090E8D0 /* acCELLerate */;
			productType = "com.apple.product-type.tool";
		};
		3AF7664E4F8C43A78CF6FF6F /* kaTabularizedFunction */ = {
			isa = PBXNativeTarget;
			buildConfigurationList = A28CAA81F00F4294AC33EB3C /* Build configuration list for PBXNativeTarget "kaTabularizedFunction" */;
			buildPhases = (
				182B7BE2AF3246AAACEB4668 /* Sources */,
				C01901F75D5442388458E13D /* Frameworks */,
			);
			buildRules = (
			);
			dependencies = (
				0D1C75F8BDB143E4B3E5A5AF /* PBXTargetDependency */,
			);
			name = kaTabularizedFunction;
			productName = kaTabularizedFunction;
			productReference = 8684E5CAE8104BB48CD08CFC /* kaTabularizedFunction */;
			productType = "com.apple.product-type.library.static";
		};
		B3961B434B1B49858779AA54 /* PETScLSE */ = {
			isa = PBXNativeTarget;
			buildConfigurationList = 9B86356CCB9F4CE5BB03E559 /* Build configuration list for PBXNativeTarget "PETScLSE" */;
			buildPhases = (
				99BD88E1F05D43A29C3A5181 /* Sources */,
				913E215986244A5D85F86336 /* Frameworks */,
			);
			buildRules = (
			);
			dependencies = (
				361E912187B740C180D2F235 /* PBXTargetDependency */,
			);
			name = PETScLSE;
			productName = PETScLSE;
			productReference = 51DBAB37ADFC4267990352B2 /* PETScLSE */;
			productType = "com.apple.product-type.library.static";
		};
/* End PBXNativeTarget section */

/* Begin PBXProject section */
		986489995C1D435187093DFB /* Project object */ = {
			isa = PBXProject;
			attributes = {
				BuildIndependentTargetsInParallel = YES;
				LastUpgradeCheck = 1430;
			};
			buildConfigurationList = 0B025F881FA94A418C6760BE /* Build configuration list for PBXProject "acCELLerate" */;
			buildSettings = {
			};
			buildStyles = (
				BD2A4F9F33F540D5961833F4 /* Debug */,
				E1BC51EBF4F945A7A5FA1D0E /* Release */,
				978857556F214B7E866BD41A /* MinSizeRel */,
				F9B4B50C664D422789DE68DC /* RelWithDebInfo */,
			);
			compatibilityVersion = "Xcode 3.2";
			hasScannedForEncodings = 0;
			mainGroup = D7F4E2CA68034D0682D1F009;
			projectDirPath = /Users/jd827/Software/CardioMechanics/electrophysiology/src/acCELLerate;
			projectRoot = "";
			targets = (
				AD63CFB3BCFD4BBDAB1C038F /* ALL_BUILD */,
				B3961B434B1B49858779AA54 /* PETScLSE */,
				5CA13FC1492D4E888D335334 /* ZERO_CHECK */,
				264050AB503441B6979AD871 /* acCELLerate */,
				5A834CE544DE43F1AEC5198F /* install */,
				3AF7664E4F8C43A78CF6FF6F /* kaTabularizedFunction */,
			);
		};
/* End PBXProject section */

/* Begin PBXShellScriptBuildPhase section */
		0B07F8D8DA6419AA5B730FC8 /* Generate CMakeFiles/ALL_BUILD */ = {
			isa = PBXShellScriptBuildPhase;
			alwaysOutOfDate = 1;
			buildActionMask = 2147483647;
			files = (
			);
			inputPaths = (
			);
			name = "Generate CMakeFiles/ALL_BUILD";
			outputPaths = (
/Users/jd827/Software/CardioMechanics/_buildXC/electrophysiology/src/acCELLerate/CMakeFiles/ALL_BUILD			);
			runOnlyForDeploymentPostprocessing = 0;
			shellPath = /bin/sh;
			shellScript = "set -e
if test \"$CONFIGURATION\" = \"Debug\"; then :
  cd /Users/jd827/Software/CardioMechanics/_buildXC/electrophysiology/src/acCELLerate
  echo Build\\ all\\ projects
fi
if test \"$CONFIGURATION\" = \"Release\"; then :
  cd /Users/jd827/Software/CardioMechanics/_buildXC/electrophysiology/src/acCELLerate
  echo Build\\ all\\ projects
fi
if test \"$CONFIGURATION\" = \"MinSizeRel\"; then :
  cd /Users/jd827/Software/CardioMechanics/_buildXC/electrophysiology/src/acCELLerate
  echo Build\\ all\\ projects
fi
if test \"$CONFIGURATION\" = \"RelWithDebInfo\"; then :
  cd /Users/jd827/Software/CardioMechanics/_buildXC/electrophysiology/src/acCELLerate
  echo Build\\ all\\ projects
fi
";
			showEnvVarsInLog = 0;
		};
		3C0110FC8322DE7E50886E21 = {
			isa = PBXShellScriptBuildPhase;
			buildActionMask = 2147483647;
			files = (
			);
			inputPaths = (
			);
			outputPaths = (
			);
			runOnlyForDeploymentPostprocessing = 0;
			shellPath = /bin/sh;
			shellScript = "# shell script goes here
exit 0";
			showEnvVarsInLog = 0;
		};
		5284D45740707AE39C53BD23 /* Generate CMakeFiles/ZERO_CHECK */ = {
			isa = PBXShellScriptBuildPhase;
			alwaysOutOfDate = 1;
			buildActionMask = 2147483647;
			files = (
			);
			inputPaths = (
			);
			name = "Generate CMakeFiles/ZERO_CHECK";
			outputPaths = (
/Users/jd827/Software/CardioMechanics/_buildXC/electrophysiology/src/acCELLerate/CMakeFiles/ZERO_CHECK			);
			runOnlyForDeploymentPostprocessing = 0;
			shellPath = /bin/sh;
			shellScript = "set -e
if test \"$CONFIGURATION\" = \"Debug\"; then :
  cd /Users/jd827/Software/CardioMechanics/_buildXC/electrophysiology/src/acCELLerate
  make -f /Users/jd827/Software/CardioMechanics/_buildXC/electrophysiology/src/acCELLerate/CMakeScripts/ReRunCMake.make
fi
if test \"$CONFIGURATION\" = \"Release\"; then :
  cd /Users/jd827/Software/CardioMechanics/_buildXC/electrophysiology/src/acCELLerate
  make -f /Users/jd827/Software/CardioMechanics/_buildXC/electrophysiology/src/acCELLerate/CMakeScripts/ReRunCMake.make
fi
if test \"$CONFIGURATION\" = \"MinSizeRel\"; then :
  cd /Users/jd827/Software/CardioMechanics/_buildXC/electrophysiology/src/acCELLerate
  make -f /Users/jd827/Software/CardioMechanics/_buildXC/electrophysiology/src/acCELLerate/CMakeScripts/ReRunCMake.make
fi
if test \"$CONFIGURATION\" = \"RelWithDebInfo\"; then :
  cd /Users/jd827/Software/CardioMechanics/_buildXC/electrophysiology/src/acCELLerate
  make -f /Users/jd827/Software/CardioMechanics/_buildXC/electrophysiology/src/acCELLerate/CMakeScripts/ReRunCMake.make
fi
";
			showEnvVarsInLog = 0;
		};
		87AF4882E018677E2624B544 = {
			isa = PBXShellScriptBuildPhase;
			buildActionMask = 2147483647;
			files = (
			);
			inputPaths = (
			);
			outputPaths = (
			);
			runOnlyForDeploymentPostprocessing = 0;
			shellPath = /bin/sh;
			shellScript = "# shell script goes here
exit 0";
			showEnvVarsInLog = 0;
		};
		93426DA6A4AC2C2AC9CE883C /* CMake PostBuild Rules */ = {
			isa = PBXShellScriptBuildPhase;
			alwaysOutOfDate = 1;
			buildActionMask = 2147483647;
			files = (
			);
			name = "CMake PostBuild Rules";
			outputPaths = (
			);
			runOnlyForDeploymentPostprocessing = 0;
			shellPath = /bin/sh;
			shellScript = "set -e
if test \"$CONFIGURATION\" = \"Debug\"; then :
  cd /Users/jd827/Software/CardioMechanics/_buildXC/electrophysiology/src/acCELLerate
  /Volumes/bordeaux/opt12-arm/local/bin/cmake -DBUILD_TYPE=$CONFIGURATION$EFFECTIVE_PLATFORM_NAME -P cmake_install.cmake
fi
if test \"$CONFIGURATION\" = \"Release\"; then :
  cd /Users/jd827/Software/CardioMechanics/_buildXC/electrophysiology/src/acCELLerate
  /Volumes/bordeaux/opt12-arm/local/bin/cmake -DBUILD_TYPE=$CONFIGURATION$EFFECTIVE_PLATFORM_NAME -P cmake_install.cmake
fi
if test \"$CONFIGURATION\" = \"MinSizeRel\"; then :
  cd /Users/jd827/Software/CardioMechanics/_buildXC/electrophysiology/src/acCELLerate
  /Volumes/bordeaux/opt12-arm/local/bin/cmake -DBUILD_TYPE=$CONFIGURATION$EFFECTIVE_PLATFORM_NAME -P cmake_install.cmake
fi
if test \"$CONFIGURATION\" = \"RelWithDebInfo\"; then :
  cd /Users/jd827/Software/CardioMechanics/_buildXC/electrophysiology/src/acCELLerate
  /Volumes/bordeaux/opt12-arm/local/bin/cmake -DBUILD_TYPE=$CONFIGURATION$EFFECTIVE_PLATFORM_NAME -P cmake_install.cmake
fi
";
			showEnvVarsInLog = 0;
		};
		9B50530E35CC49C82C2FACCF = {
			isa = PBXShellScriptBuildPhase;
			buildActionMask = 2147483647;
			files = (
			);
			inputPaths = (
			);
			outputPaths = (
			);
			runOnlyForDeploymentPostprocessing = 0;
			shellPath = /bin/sh;
			shellScript = "# shell script goes here
exit 0";
			showEnvVarsInLog = 0;
		};
/* End PBXShellScriptBuildPhase section */

/* Begin PBXSourcesBuildPhase section */
		182B7BE2AF3246AAACEB4668 /* Sources */ = {
			isa = PBXSourcesBuildPhase;
			buildActionMask = 2147483647;
			files = (
				A5A7FDE4B70B421EA0331635 /* /Users/jd827/Software/CardioMechanics/electrophysiology/src/MathBasics/kaTabularizedFunction.cpp */,
			);
			runOnlyForDeploymentPostprocessing = 0;
		};
		99BD88E1F05D43A29C3A5181 /* Sources */ = {
			isa = PBXSourcesBuildPhase;
			buildActionMask = 2147483647;
			files = (
				D3D4A1DBA9BE4C8080D2CCA3 /* /Users/jd827/Software/CardioMechanics/electrophysiology/src/acCELLerate/PETScLSE.cpp */,
			);
			runOnlyForDeploymentPostprocessing = 0;
		};
		C56B51467EF541348D5C181A /* Sources */ = {
			isa = PBXSourcesBuildPhase;
			buildActionMask = 2147483647;
			files = (
				D3CCB092F3674491A6EB5EB1 /* /Users/jd827/Software/CardioMechanics/electrophysiology/src/acCELLerate/acCELLerate.cpp */,
				1C4B702B482943A6B1FB3988 /* /Users/jd827/Software/CardioMechanics/electrophysiology/src/acCELLerate/acltCellModel.cpp */,
			);
			runOnlyForDeploymentPostprocessing = 0;
		};
/* End PBXSourcesBuildPhase section */

/* Begin PBXTargetDependency section */
		0A491D0E1C2D43FA8132B54E /* PBXTargetDependency */ = {
			isa = PBXTargetDependency;
			target = B3961B434B1B49858779AA54 /* PETScLSE */;
			targetProxy = 65596DAA1E244620B9D96A30 /* PBXContainerItemProxy */;
		};
		0D1C75F8BDB143E4B3E5A5AF /* PBXTargetDependency */ = {
			isa = PBXTargetDependency;
			target = 5CA13FC1492D4E888D335334 /* ZERO_CHECK */;
			targetProxy = 5EB3A08F23194050BC023A30 /* PBXContainerItemProxy */;
		};
		18502CC6BF6440F3BD0C87D3 /* PBXTargetDependency */ = {
			isa = PBXTargetDependency;
			target = 5CA13FC1492D4E888D335334 /* ZERO_CHECK */;
			targetProxy = 0BDD3C8A5D39482CAFDB04CA /* PBXContainerItemProxy */;
		};
		317C6F3C63EA4C80A8804475 /* PBXTargetDependency */ = {
			isa = PBXTargetDependency;
			target = AD63CFB3BCFD4BBDAB1C038F /* ALL_BUILD */;
			targetProxy = 06BACE5140714509BCE46879 /* PBXContainerItemProxy */;
		};
		361E912187B740C180D2F235 /* PBXTargetDependency */ = {
			isa = PBXTargetDependency;
			target = 5CA13FC1492D4E888D335334 /* ZERO_CHECK */;
			targetProxy = 2A8B3BD81CE948A9A5F949AF /* PBXContainerItemProxy */;
		};
		6AD5537222144C74A5C2BA03 /* PBXTargetDependency */ = {
			isa = PBXTargetDependency;
			target = 264050AB503441B6979AD871 /* acCELLerate */;
			targetProxy = FFB2193153E14A2B962E9653 /* PBXContainerItemProxy */;
		};
		7ACCD0B1DB0C4067BB27A325 /* PBXTargetDependency */ = {
			isa = PBXTargetDependency;
			target = B3961B434B1B49858779AA54 /* PETScLSE */;
			targetProxy = 0F059081E99144C0B5523D78 /* PBXContainerItemProxy */;
		};
		90F4170496A84C488A298E75 /* PBXTargetDependency */ = {
			isa = PBXTargetDependency;
			target = 3AF7664E4F8C43A78CF6FF6F /* kaTabularizedFunction */;
			targetProxy = 10EEEBCF990441719534F668 /* PBXContainerItemProxy */;
		};
		94CF199CC2F94E0F8D6D4E9A /* PBXTargetDependency */ = {
			isa = PBXTargetDependency;
			target = 3AF7664E4F8C43A78CF6FF6F /* kaTabularizedFunction */;
			targetProxy = E36BC16431EA4478A1D8CED4 /* PBXContainerItemProxy */;
		};
		FB0FDE0A893D4AB1AC5F99A1 /* PBXTargetDependency */ = {
			isa = PBXTargetDependency;
			target = 5CA13FC1492D4E888D335334 /* ZERO_CHECK */;
			targetProxy = 751F8F551E884CF9AF9DFAC7 /* PBXContainerItemProxy */;
		};
/* End PBXTargetDependency section */

/* Begin XCBuildConfiguration section */
		4D1D0BE4A09E463F9B52DF9E /* Release */ = {
			isa = XCBuildConfiguration;
			buildSettings = {
				ARCHS = arm64;
				COMBINE_HIDPI_IMAGES = YES;
				CONFIGURATION_BUILD_DIR = /Users/jd827/Software/CardioMechanics/_buildXC/electrophysiology/src/acCELLerate/acCELLerate.build/Release/kaTabularizedFunction.build/;
				GCC_GENERATE_DEBUGGING_SYMBOLS = NO;
				GCC_INLINES_ARE_PRIVATE_EXTERN = NO;
				GCC_OPTIMIZATION_LEVEL = 3;
				GCC_PREPROCESSOR_DEFINITIONS = ("'CMAKE_INTDIR=\"$(CONFIGURATION)$(EFFECTIVE_PLATFORM_NAME)\"'",__DARWIN__,"$(inherited)");
				GCC_SYMBOLS_PRIVATE_EXTERN = NO;
				HEADER_SEARCH_PATHS = (/Users/jd827/Software/CardioMechanics/electrophysiology/src/acCELLerate/.,/Users/jd827/Software/CardioMechanics/electrophysiology/src/acCELLerate/../Lattice,/Users/jd827/Software/CardioMechanics/electrophysiology/src/acCELLerate/../MathBasics,/Users/jd827/Software/CardioMechanics/electrophysiology/src/acCELLerate/../CellModel,"/Volumes/bordeaux/IBT12-arm/thirdparty/macosx/petsc-3.19-opt/include","/Volumes/bordeaux/IBT12-arm/thirdparty/macosx/openMPI-64bit/include","$(inherited)");
				INSTALL_PATH = "";
				LIBRARY_STYLE = STATIC;
				ONLY_ACTIVE_ARCH = NO;
				OTHER_CPLUSPLUSFLAGS = "-std=c++11 -pedantic -Wall -Werror=vla -Wno-extra-semi     -DNDEBUG -DKADEBUG=0 -DMATERIAL_PROPERTY_DEBUG=0 '-stdlib=libc++'   -Wno-unused-private-field -Wno-unused-variable -Wno-reorder";
				OTHER_LIBTOOLFLAGS = ("");
				OTHER_REZFLAGS = "";
				PRODUCT_NAME = kaTabularizedFunction;
				SECTORDER_FLAGS = "";
				SYMROOT = /Users/jd827/Software/CardioMechanics/_buildXC/electrophysiology/src/acCELLerate;
				USE_HEADERMAP = NO;
				WARNING_CFLAGS = ("$(inherited)");
			};
			name = Release;
		};
		579754DC111A4CDF899DA33D /* Release */ = {
			isa = XCBuildConfiguration;
			buildSettings = {
				ARCHS = arm64;
				COMBINE_HIDPI_IMAGES = YES;
				GCC_GENERATE_DEBUGGING_SYMBOLS = YES;
				GCC_INLINES_ARE_PRIVATE_EXTERN = NO;
				GCC_OPTIMIZATION_LEVEL = 0;
				GCC_PREPROCESSOR_DEFINITIONS = ("'CMAKE_INTDIR=\"$(CONFIGURATION)$(EFFECTIVE_PLATFORM_NAME)\"'","$(inherited)");
				GCC_SYMBOLS_PRIVATE_EXTERN = NO;
				INSTALL_PATH = "";
				ONLY_ACTIVE_ARCH = NO;
				OTHER_LDFLAGS = ("","$(inherited)");
				OTHER_REZFLAGS = "";
				PRODUCT_NAME = ALL_BUILD;
				SECTORDER_FLAGS = "";
				SYMROOT = /Users/jd827/Software/CardioMechanics/_buildXC/electrophysiology/src/acCELLerate;
				USE_HEADERMAP = NO;
				WARNING_CFLAGS = ("$(inherited)");
			};
			name = Release;
		};
		60E77010998E4E94BFF0F2A9 /* Release */ = {
			isa = XCBuildConfiguration;
			buildSettings = {
				ARCHS = arm64;
				COMBINE_HIDPI_IMAGES = YES;
				CONFIGURATION_BUILD_DIR = /Users/jd827/Software/CardioMechanics/_buildXC/electrophysiology/src/acCELLerate/acCELLerate.build/Release/PETScLSE.build/;
				GCC_GENERATE_DEBUGGING_SYMBOLS = NO;
				GCC_INLINES_ARE_PRIVATE_EXTERN = NO;
				GCC_OPTIMIZATION_LEVEL = 3;
				GCC_PREPROCESSOR_DEFINITIONS = ("'CMAKE_INTDIR=\"$(CONFIGURATION)$(EFFECTIVE_PLATFORM_NAME)\"'",__DARWIN__,"$(inherited)");
				GCC_SYMBOLS_PRIVATE_EXTERN = NO;
				HEADER_SEARCH_PATHS = (/Users/jd827/Software/CardioMechanics/electrophysiology/src/acCELLerate/.,/Users/jd827/Software/CardioMechanics/electrophysiology/src/acCELLerate/../Lattice,/Users/jd827/Software/CardioMechanics/electrophysiology/src/acCELLerate/../MathBasics,/Users/jd827/Software/CardioMechanics/electrophysiology/src/acCELLerate/../CellModel,"/Volumes/bordeaux/IBT12-arm/thirdparty/macosx/petsc-3.19-opt/include","/Volumes/bordeaux/IBT12-arm/thirdparty/macosx/openMPI-64bit/include","$(inherited)");
				INSTALL_PATH = "";
				LIBRARY_STYLE = STATIC;
				ONLY_ACTIVE_ARCH = NO;
				OTHER_CPLUSPLUSFLAGS = "-std=c++11 -pedantic -Wall -Werror=vla -Wno-extra-semi     -DNDEBUG -DKADEBUG=0 -DMATERIAL_PROPERTY_DEBUG=0 '-stdlib=libc++'   -Wno-unused-private-field -Wno-unused-variable -Wno-reorder";
				OTHER_LIBTOOLFLAGS = ("");
				OTHER_REZFLAGS = "";
				PRODUCT_NAME = PETScLSE;
				SECTORDER_FLAGS = "";
				SYMROOT = /Users/jd827/Software/CardioMechanics/_buildXC/electrophysiology/src/acCELLerate;
				USE_HEADERMAP = NO;
				WARNING_CFLAGS = ("$(inherited)");
			};
			name = Release;
		};
		62B242CB93214B62A4AF24B8 /* Debug */ = {
			isa = XCBuildConfiguration;
			buildSettings = {
				ARCHS = arm64;
				COMBINE_HIDPI_IMAGES = YES;
				GCC_GENERATE_DEBUGGING_SYMBOLS = YES;
				GCC_INLINES_ARE_PRIVATE_EXTERN = NO;
				GCC_OPTIMIZATION_LEVEL = 0;
				GCC_PREPROCESSOR_DEFINITIONS = ("'CMAKE_INTDIR=\"$(CONFIGURATION)$(EFFECTIVE_PLATFORM_NAME)\"'","$(inherited)");
				GCC_SYMBOLS_PRIVATE_EXTERN = NO;
				INSTALL_PATH = "";
				ONLY_ACTIVE_ARCH = NO;
				OTHER_LDFLAGS = ("","$(inherited)");
				OTHER_REZFLAGS = "";
				PRODUCT_NAME = ZERO_CHECK;
				SECTORDER_FLAGS = "";
				SYMROOT = /Users/jd827/Software/CardioMechanics/_buildXC/electrophysiology/src/acCELLerate;
				USE_HEADERMAP = NO;
				WARNING_CFLAGS = ("$(inherited)");
			};
			name = Debug;
		};
		782EB19B9E474E7AB021FEFF /* MinSizeRel */ = {
			isa = XCBuildConfiguration;
			buildSettings = {
				ARCHS = arm64;
				COMBINE_HIDPI_IMAGES = YES;
				CONFIGURATION_BUILD_DIR = /Users/jd827/Software/CardioMechanics/_buildXC/bin/macosx/MinSizeRel;
				EXECUTABLE_PREFIX = "";
				EXECUTABLE_SUFFIX = "";
				GCC_GENERATE_DEBUGGING_SYMBOLS = NO;
				GCC_INLINES_ARE_PRIVATE_EXTERN = NO;
				GCC_OPTIMIZATION_LEVEL = s;
				GCC_PREPROCESSOR_DEFINITIONS = ("'CMAKE_INTDIR=\"$(CONFIGURATION)$(EFFECTIVE_PLATFORM_NAME)\"'",__DARWIN__,"$(inherited)");
				GCC_SYMBOLS_PRIVATE_EXTERN = NO;
				HEADER_SEARCH_PATHS = (/Users/jd827/Software/CardioMechanics/electrophysiology/src/acCELLerate/.,/Users/jd827/Software/CardioMechanics/electrophysiology/src/acCELLerate/../Lattice,/Users/jd827/Software/CardioMechanics/electrophysiology/src/acCELLerate/../MathBasics,/Users/jd827/Software/CardioMechanics/electrophysiology/src/acCELLerate/../CellModel,"/Volumes/bordeaux/IBT12-arm/thirdparty/macosx/petsc-3.19-opt/include","/Volumes/bordeaux/IBT12-arm/thirdparty/macosx/openMPI-64bit/include","$(inherited)");
				INSTALL_PATH = "";
				LD_RUNPATH_SEARCH_PATHS = ("/Volumes/bordeaux/IBT12-arm/thirdparty/macosx/petsc-3.19-opt/lib /Volumes/bordeaux/IBT-arm/thirdparty/macosx/openMPI-64bit/lib /opt/local/lib/gcc11/gcc/arm64-apple-darwin21/11.3.0 /opt/local/lib/gcc11","$(inherited)");
				LIBRARY_SEARCH_PATHS = ("/Volumes/bordeaux/IBT12-arm/thirdparty/macosx/petsc-3.19-opt/lib/$(CONFIGURATION)$(EFFECTIVE_PLATFORM_NAME)","/Volumes/bordeaux/IBT12-arm/thirdparty/macosx/petsc-3.19-opt/lib","/Volumes/bordeaux/IBT-arm/thirdparty/macosx/openMPI-64bit/lib/$(CONFIGURATION)$(EFFECTIVE_PLATFORM_NAME)","/Volumes/bordeaux/IBT-arm/thirdparty/macosx/openMPI-64bit/lib","/opt/local/lib/gcc11/gcc/arm64-apple-darwin21/11.3.0/$(CONFIGURATION)$(EFFECTIVE_PLATFORM_NAME)","/opt/local/lib/gcc11/gcc/arm64-apple-darwin21/11.3.0","/opt/local/lib/gcc11/$(CONFIGURATION)$(EFFECTIVE_PLATFORM_NAME)",/opt/local/lib/gcc11,"$(inherited)");
				ONLY_ACTIVE_ARCH = NO;
				OTHER_CPLUSPLUSFLAGS = "-std=c++11 -pedantic -Wall -Werror=vla -Wno-extra-semi     -DNDEBUG -DKADEBUG=0 -DMATERIAL_PROPERTY_DEBUG=0 '-stdlib=libc++'   -Wno-unused-private-field -Wno-unused-variable -Wno-reorder";
				OTHER_LDFLAGS = (" -stdlib=libc++ -lc++abi -Wl,-search_paths_first -Wl,-headerpad_max_install_names","/Users/jd827/Software/CardioMechanics/_buildXC/electrophysiology/src/acCELLerate/$(PROJECT_NAME).build/$(CONFIGURATION)$(EFFECTIVE_PLATFORM_NAME)/PETScLSE.build/$(OBJECT_FILE_DIR_normal:base)/arm64/PETScLSE.o","/Users/jd827/Software/CardioMechanics/_buildXC/electrophysiology/src/acCELLerate/$(PROJECT_NAME).build/$(CONFIGURATION)$(EFFECTIVE_PLATFORM_NAME)/kaTabularizedFunction.build/$(OBJECT_FILE_DIR_normal:base)/arm64/kaTabularizedFunction.o",/Users/jd827/Software/CardioMechanics/_buildXC/lib/macosx/MinSizeRel/libCellModel.a,"/Volumes/bordeaux/IBT12-arm/thirdparty/macosx/petsc-3.19-opt/lib/libpetsc.a","/Volumes/bordeaux/IBT12-arm/thirdparty/macosx/petsc-3.19-opt/lib/libHYPRE.a","/Volumes/bordeaux/IBT12-arm/thirdparty/macosx/petsc-3.19-opt/lib/libdmumps.a","/Volumes/bordeaux/IBT12-arm/thirdparty/macosx/petsc-3.19-opt/lib/libmumps_common.a","/Volumes/bordeaux/IBT12-arm/thirdparty/macosx/petsc-3.19-opt/lib/libpord.a",/Applications/Xcode.app/Contents/Developer/Platforms/MacOSX.platform/Developer/SDKs/MacOSX13.3.sdk/usr/lib/libpthread.tbd,"-Xlinker -framework -Xlinker Accelerate","/Volumes/bordeaux/IBT12-arm/thirdparty/macosx/petsc-3.19-opt/lib/libsuperlu.a","/Volumes/bordeaux/IBT12-arm/thirdparty/macosx/petsc-3.19-opt/lib/libsuperlu_dist.a","/Volumes/bordeaux/IBT12-arm/thirdparty/macosx/petsc-3.19-opt/lib/libptesmumps.a","/Volumes/bordeaux/IBT12-arm/thirdparty/macosx/petsc-3.19-opt/lib/libptscotchparmetisv3.a","/Volumes/bordeaux/IBT12-arm/thirdparty/macosx/petsc-3.19-opt/lib/libptscotch.a","/Volumes/bordeaux/IBT12-arm/thirdparty/macosx/petsc-3.19-opt/lib/libptscotcherr.a","/Volumes/bordeaux/IBT12-arm/thirdparty/macosx/petsc-3.19-opt/lib/libesmumps.a","/Volumes/bordeaux/IBT12-arm/thirdparty/macosx/petsc-3.19-opt/lib/libscotch.a","/Volumes/bordeaux/IBT12-arm/thirdparty/macosx/petsc-3.19-opt/lib/libscotcherr.a","/Volumes/bordeaux/IBT12-arm/thirdparty/macosx/petsc-3.19-opt/lib/libparmetis.a","/Volumes/bordeaux/IBT12-arm/thirdparty/macosx/petsc-3.19-opt/lib/libmetis.a","/Volumes/bordeaux/IBT-arm/thirdparty/macosx/openMPI-64bit/lib/libmpi_usempif08.dylib","/Volumes/bordeaux/IBT-arm/thirdparty/macosx/openMPI-64bit/lib/libmpi_usempi_ignore_tkr.a","/Volumes/bordeaux/IBT-arm/thirdparty/macosx/openMPI-64bit/lib/libmpi_mpifh.dylib","/Volumes/bordeaux/IBT-arm/thirdparty/macosx/openMPI-64bit/lib/libmpi.dylib",/opt/local/lib/gcc11/libgfortran.dylib,"/opt/local/lib/gcc11/gcc/arm64-apple-darwin21/11.3.0/libemutls_w.a",/opt/local/lib/gcc11/libquadmath.dylib,"/Applications/Xcode.app/Contents/Developer/Platforms/MacOSX.platform/Developer/SDKs/MacOSX13.3.sdk/usr/lib/libc++.tbd","/Volumes/bordeaux/IBT12-arm/thirdparty/macosx/petsc-3.19-opt/lib/libscalapack.a",/Users/jd827/Software/CardioMechanics/_buildXC/lib/macosx/MinSizeRel/libLattice.a,/opt/local/lib/libz.dylib,"$(inherited)");
				OTHER_REZFLAGS = "";
				PRODUCT_NAME = acCELLerate;
				SECTORDER_FLAGS = "";
				SYMROOT = /Users/jd827/Software/CardioMechanics/_buildXC/electrophysiology/src/acCELLerate;
				USE_HEADERMAP = NO;
				WARNING_CFLAGS = ("$(inherited)");
			};
			name = MinSizeRel;
		};
		7947A0D6768D463EAEE9CDC6 /* MinSizeRel */ = {
			isa = XCBuildConfiguration;
			buildSettings = {
				ARCHS = arm64;
				COMBINE_HIDPI_IMAGES = YES;
				GCC_GENERATE_DEBUGGING_SYMBOLS = YES;
				GCC_INLINES_ARE_PRIVATE_EXTERN = NO;
				GCC_OPTIMIZATION_LEVEL = 0;
				GCC_PREPROCESSOR_DEFINITIONS = ("'CMAKE_INTDIR=\"$(CONFIGURATION)$(EFFECTIVE_PLATFORM_NAME)\"'","$(inherited)");
				GCC_SYMBOLS_PRIVATE_EXTERN = NO;
				INSTALL_PATH = "";
				ONLY_ACTIVE_ARCH = NO;
				OTHER_LDFLAGS = ("","$(inherited)");
				OTHER_REZFLAGS = "";
				PRODUCT_NAME = ALL_BUILD;
				SECTORDER_FLAGS = "";
				SYMROOT = /Users/jd827/Software/CardioMechanics/_buildXC/electrophysiology/src/acCELLerate;
				USE_HEADERMAP = NO;
				WARNING_CFLAGS = ("$(inherited)");
			};
			name = MinSizeRel;
		};
		7FED24BB782A4258ADA0EE62 /* Debug */ = {
			isa = XCBuildConfiguration;
			buildSettings = {
				ARCHS = arm64;
				COMBINE_HIDPI_IMAGES = YES;
				GCC_GENERATE_DEBUGGING_SYMBOLS = YES;
				GCC_INLINES_ARE_PRIVATE_EXTERN = NO;
				GCC_OPTIMIZATION_LEVEL = 0;
				GCC_PREPROCESSOR_DEFINITIONS = ("'CMAKE_INTDIR=\"$(CONFIGURATION)$(EFFECTIVE_PLATFORM_NAME)\"'","$(inherited)");
				GCC_SYMBOLS_PRIVATE_EXTERN = NO;
				INSTALL_PATH = "";
				ONLY_ACTIVE_ARCH = NO;
				OTHER_LDFLAGS = ("","$(inherited)");
				OTHER_REZFLAGS = "";
				PRODUCT_NAME = install;
				SECTORDER_FLAGS = "";
				SYMROOT = /Users/jd827/Software/CardioMechanics/_buildXC/electrophysiology/src/acCELLerate;
				USE_HEADERMAP = NO;
				WARNING_CFLAGS = ("$(inherited)");
			};
			name = Debug;
		};
		8A449ADC05624ADEA32F3FCE /* RelWithDebInfo */ = {
			isa = XCBuildConfiguration;
			buildSettings = {
				ARCHS = arm64;
				COMBINE_HIDPI_IMAGES = YES;
				CONFIGURATION_BUILD_DIR = /Users/jd827/Software/CardioMechanics/_buildXC/electrophysiology/src/acCELLerate/acCELLerate.build/RelWithDebInfo/PETScLSE.build/;
				GCC_GENERATE_DEBUGGING_SYMBOLS = YES;
				GCC_INLINES_ARE_PRIVATE_EXTERN = NO;
				GCC_OPTIMIZATION_LEVEL = 3;
				GCC_PREPROCESSOR_DEFINITIONS = ("'CMAKE_INTDIR=\"$(CONFIGURATION)$(EFFECTIVE_PLATFORM_NAME)\"'",__DARWIN__,"$(inherited)");
				GCC_SYMBOLS_PRIVATE_EXTERN = NO;
				HEADER_SEARCH_PATHS = (/Users/jd827/Software/CardioMechanics/electrophysiology/src/acCELLerate/.,/Users/jd827/Software/CardioMechanics/electrophysiology/src/acCELLerate/../Lattice,/Users/jd827/Software/CardioMechanics/electrophysiology/src/acCELLerate/../MathBasics,/Users/jd827/Software/CardioMechanics/electrophysiology/src/acCELLerate/../CellModel,"/Volumes/bordeaux/IBT12-arm/thirdparty/macosx/petsc-3.19-opt/include","/Volumes/bordeaux/IBT12-arm/thirdparty/macosx/openMPI-64bit/include","$(inherited)");
				INSTALL_PATH = "";
				LIBRARY_STYLE = STATIC;
				ONLY_ACTIVE_ARCH = NO;
				OTHER_CPLUSPLUSFLAGS = "-std=c++11 -pedantic -Wall -Werror=vla -Wno-extra-semi        -DNDEBUG -DKADEBUG=0 -DMATERIAL_PROPERTY_DEBUG=0 '-stdlib=libc++'   -Wno-unused-private-field -Wno-unused-variable -Wno-reorder";
				OTHER_LIBTOOLFLAGS = ("");
				OTHER_REZFLAGS = "";
				PRODUCT_NAME = PETScLSE;
				SECTORDER_FLAGS = "";
				SYMROOT = /Users/jd827/Software/CardioMechanics/_buildXC/electrophysiology/src/acCELLerate;
				USE_HEADERMAP = NO;
				WARNING_CFLAGS = ("$(inherited)");
			};
			name = RelWithDebInfo;
		};
		902BBB552C7B48EC90D809C3 /* Release */ = {
			isa = XCBuildConfiguration;
			buildSettings = {
				ARCHS = arm64;
				COMBINE_HIDPI_IMAGES = YES;
				GCC_GENERATE_DEBUGGING_SYMBOLS = YES;
				GCC_INLINES_ARE_PRIVATE_EXTERN = NO;
				GCC_OPTIMIZATION_LEVEL = 0;
				GCC_PREPROCESSOR_DEFINITIONS = ("'CMAKE_INTDIR=\"$(CONFIGURATION)$(EFFECTIVE_PLATFORM_NAME)\"'","$(inherited)");
				GCC_SYMBOLS_PRIVATE_EXTERN = NO;
				INSTALL_PATH = "";
				ONLY_ACTIVE_ARCH = NO;
				OTHER_LDFLAGS = ("","$(inherited)");
				OTHER_REZFLAGS = "";
				PRODUCT_NAME = install;
				SECTORDER_FLAGS = "";
				SYMROOT = /Users/jd827/Software/CardioMechanics/_buildXC/electrophysiology/src/acCELLerate;
				USE_HEADERMAP = NO;
				WARNING_CFLAGS = ("$(inherited)");
			};
			name = Release;
		};
		9065BADDE21640DB90BB0A73 /* MinSizeRel */ = {
			isa = XCBuildConfiguration;
			buildSettings = {
				ARCHS = arm64;
				COMBINE_HIDPI_IMAGES = YES;
				CONFIGURATION_BUILD_DIR = /Users/jd827/Software/CardioMechanics/_buildXC/electrophysiology/src/acCELLerate/acCELLerate.build/MinSizeRel/PETScLSE.build/;
				GCC_GENERATE_DEBUGGING_SYMBOLS = NO;
				GCC_INLINES_ARE_PRIVATE_EXTERN = NO;
				GCC_OPTIMIZATION_LEVEL = s;
				GCC_PREPROCESSOR_DEFINITIONS = ("'CMAKE_INTDIR=\"$(CONFIGURATION)$(EFFECTIVE_PLATFORM_NAME)\"'",__DARWIN__,"$(inherited)");
				GCC_SYMBOLS_PRIVATE_EXTERN = NO;
				HEADER_SEARCH_PATHS = (/Users/jd827/Software/CardioMechanics/electrophysiology/src/acCELLerate/.,/Users/jd827/Software/CardioMechanics/electrophysiology/src/acCELLerate/../Lattice,/Users/jd827/Software/CardioMechanics/electrophysiology/src/acCELLerate/../MathBasics,/Users/jd827/Software/CardioMechanics/electrophysiology/src/acCELLerate/../CellModel,"/Volumes/bordeaux/IBT12-arm/thirdparty/macosx/petsc-3.19-opt/include","/Volumes/bordeaux/IBT12-arm/thirdparty/macosx/openMPI-64bit/include","$(inherited)");
				INSTALL_PATH = "";
				LIBRARY_STYLE = STATIC;
				ONLY_ACTIVE_ARCH = NO;
				OTHER_CPLUSPLUSFLAGS = "-std=c++11 -pedantic -Wall -Werror=vla -Wno-extra-semi     -DNDEBUG -DKADEBUG=0 -DMATERIAL_PROPERTY_DEBUG=0 '-stdlib=libc++'   -Wno-unused-private-field -Wno-unused-variable -Wno-reorder";
				OTHER_LIBTOOLFLAGS = ("");
				OTHER_REZFLAGS = "";
				PRODUCT_NAME = PETScLSE;
				SECTORDER_FLAGS = "";
				SYMROOT = /Users/jd827/Software/CardioMechanics/_buildXC/electrophysiology/src/acCELLerate;
				USE_HEADERMAP = NO;
				WARNING_CFLAGS = ("$(inherited)");
			};
			name = MinSizeRel;
		};
		923C3E49FC3A4CBF84028113 /* Debug */ = {
			isa = XCBuildConfiguration;
			buildSettings = {
				ARCHS = arm64;
				COMBINE_HIDPI_IMAGES = YES;
				CONFIGURATION_BUILD_DIR = /Users/jd827/Software/CardioMechanics/_buildXC/electrophysiology/src/acCELLerate/acCELLerate.build/Debug/PETScLSE.build/;
				GCC_GENERATE_DEBUGGING_SYMBOLS = YES;
				GCC_INLINES_ARE_PRIVATE_EXTERN = NO;
				GCC_OPTIMIZATION_LEVEL = 0;
				GCC_PREPROCESSOR_DEFINITIONS = ("'CMAKE_INTDIR=\"$(CONFIGURATION)$(EFFECTIVE_PLATFORM_NAME)\"'",__DARWIN__,"$(inherited)");
				GCC_SYMBOLS_PRIVATE_EXTERN = NO;
				HEADER_SEARCH_PATHS = (/Users/jd827/Software/CardioMechanics/electrophysiology/src/acCELLerate/.,/Users/jd827/Software/CardioMechanics/electrophysiology/src/acCELLerate/../Lattice,/Users/jd827/Software/CardioMechanics/electrophysiology/src/acCELLerate/../MathBasics,/Users/jd827/Software/CardioMechanics/electrophysiology/src/acCELLerate/../CellModel,"/Volumes/bordeaux/IBT12-arm/thirdparty/macosx/petsc-3.19-opt/include","/Volumes/bordeaux/IBT12-arm/thirdparty/macosx/openMPI-64bit/include","$(inherited)");
				INSTALL_PATH = "";
				LIBRARY_STYLE = STATIC;
				ONLY_ACTIVE_ARCH = NO;
				OTHER_CPLUSPLUSFLAGS = "-std=c++11 -pedantic -Wall -Werror=vla -Wno-extra-semi        -DKADEBUG=1 -DMATERIAL_PROPERTY_DEBUG=1 '-stdlib=libc++'   -Wno-unused-private-field -Wno-unused-variable -Wno-reorder";
				OTHER_LIBTOOLFLAGS = ("");
				OTHER_REZFLAGS = "";
				PRODUCT_NAME = PETScLSE;
				SECTORDER_FLAGS = "";
				SYMROOT = /Users/jd827/Software/CardioMechanics/_buildXC/electrophysiology/src/acCELLerate;
				USE_HEADERMAP = NO;
				WARNING_CFLAGS = ("$(inherited)");
			};
			name = Debug;
		};
		92ED85491FDE469DAD337B16 /* Release */ = {
			isa = XCBuildConfiguration;
			buildSettings = {
				ARCHS = arm64;
				COMBINE_HIDPI_IMAGES = YES;
				CONFIGURATION_BUILD_DIR = /Users/jd827/Software/CardioMechanics/_buildXC/bin/macosx/Release;
				EXECUTABLE_PREFIX = "";
				EXECUTABLE_SUFFIX = "";
				GCC_GENERATE_DEBUGGING_SYMBOLS = NO;
				GCC_INLINES_ARE_PRIVATE_EXTERN = NO;
				GCC_OPTIMIZATION_LEVEL = 3;
				GCC_PREPROCESSOR_DEFINITIONS = ("'CMAKE_INTDIR=\"$(CONFIGURATION)$(EFFECTIVE_PLATFORM_NAME)\"'",__DARWIN__,"$(inherited)");
				GCC_SYMBOLS_PRIVATE_EXTERN = NO;
				HEADER_SEARCH_PATHS = (/Users/jd827/Software/CardioMechanics/electrophysiology/src/acCELLerate/.,/Users/jd827/Software/CardioMechanics/electrophysiology/src/acCELLerate/../Lattice,/Users/jd827/Software/CardioMechanics/electrophysiology/src/acCELLerate/../MathBasics,/Users/jd827/Software/CardioMechanics/electrophysiology/src/acCELLerate/../CellModel,"/Volumes/bordeaux/IBT12-arm/thirdparty/macosx/petsc-3.19-opt/include","/Volumes/bordeaux/IBT12-arm/thirdparty/macosx/openMPI-64bit/include","$(inherited)");
				INSTALL_PATH = "";
				LD_RUNPATH_SEARCH_PATHS = ("/Volumes/bordeaux/IBT12-arm/thirdparty/macosx/petsc-3.19-opt/lib /Volumes/bordeaux/IBT-arm/thirdparty/macosx/openMPI-64bit/lib /opt/local/lib/gcc11/gcc/arm64-apple-darwin21/11.3.0 /opt/local/lib/gcc11","$(inherited)");
				LIBRARY_SEARCH_PATHS = ("/Volumes/bordeaux/IBT12-arm/thirdparty/macosx/petsc-3.19-opt/lib/$(CONFIGURATION)$(EFFECTIVE_PLATFORM_NAME)","/Volumes/bordeaux/IBT12-arm/thirdparty/macosx/petsc-3.19-opt/lib","/Volumes/bordeaux/IBT-arm/thirdparty/macosx/openMPI-64bit/lib/$(CONFIGURATION)$(EFFECTIVE_PLATFORM_NAME)","/Volumes/bordeaux/IBT-arm/thirdparty/macosx/openMPI-64bit/lib","/opt/local/lib/gcc11/gcc/arm64-apple-darwin21/11.3.0/$(CONFIGURATION)$(EFFECTIVE_PLATFORM_NAME)","/opt/local/lib/gcc11/gcc/arm64-apple-darwin21/11.3.0","/opt/local/lib/gcc11/$(CONFIGURATION)$(EFFECTIVE_PLATFORM_NAME)",/opt/local/lib/gcc11,"$(inherited)");
				ONLY_ACTIVE_ARCH = NO;
				OTHER_CPLUSPLUSFLAGS = "-std=c++11 -pedantic -Wall -Werror=vla -Wno-extra-semi     -DNDEBUG -DKADEBUG=0 -DMATERIAL_PROPERTY_DEBUG=0 '-stdlib=libc++'   -Wno-unused-private-field -Wno-unused-variable -Wno-reorder";
				OTHER_LDFLAGS = (" -stdlib=libc++ -lc++abi -Wl,-search_paths_first -Wl,-headerpad_max_install_names","/Users/jd827/Software/CardioMechanics/_buildXC/electrophysiology/src/acCELLerate/$(PROJECT_NAME).build/$(CONFIGURATION)$(EFFECTIVE_PLATFORM_NAME)/PETScLSE.build/$(OBJECT_FILE_DIR_normal:base)/arm64/PETScLSE.o","/Users/jd827/Software/CardioMechanics/_buildXC/electrophysiology/src/acCELLerate/$(PROJECT_NAME).build/$(CONFIGURATION)$(EFFECTIVE_PLATFORM_NAME)/kaTabularizedFunction.build/$(OBJECT_FILE_DIR_normal:base)/arm64/kaTabularizedFunction.o",/Users/jd827/Software/CardioMechanics/_buildXC/lib/macosx/Release/libCellModel.a,"/Volumes/bordeaux/IBT12-arm/thirdparty/macosx/petsc-3.19-opt/lib/libpetsc.a","/Volumes/bordeaux/IBT12-arm/thirdparty/macosx/petsc-3.19-opt/lib/libHYPRE.a","/Volumes/bordeaux/IBT12-arm/thirdparty/macosx/petsc-3.19-opt/lib/libdmumps.a","/Volumes/bordeaux/IBT12-arm/thirdparty/macosx/petsc-3.19-opt/lib/libmumps_common.a","/Volumes/bordeaux/IBT12-arm/thirdparty/macosx/petsc-3.19-opt/lib/libpord.a",/Applications/Xcode.app/Contents/Developer/Platforms/MacOSX.platform/Developer/SDKs/MacOSX13.3.sdk/usr/lib/libpthread.tbd,"-Xlinker -framework -Xlinker Accelerate","/Volumes/bordeaux/IBT12-arm/thirdparty/macosx/petsc-3.19-opt/lib/libsuperlu.a","/Volumes/bordeaux/IBT12-arm/thirdparty/macosx/petsc-3.19-opt/lib/libsuperlu_dist.a","/Volumes/bordeaux/IBT12-arm/thirdparty/macosx/petsc-3.19-opt/lib/libptesmumps.a","/Volumes/bordeaux/IBT12-arm/thirdparty/macosx/petsc-3.19-opt/lib/libptscotchparmetisv3.a","/Volumes/bordeaux/IBT12-arm/thirdparty/macosx/petsc-3.19-opt/lib/libptscotch.a","/Volumes/bordeaux/IBT12-arm/thirdparty/macosx/petsc-3.19-opt/lib/libptscotcherr.a","/Volumes/bordeaux/IBT12-arm/thirdparty/macosx/petsc-3.19-opt/lib/libesmumps.a","/Volumes/bordeaux/IBT12-arm/thirdparty/macosx/petsc-3.19-opt/lib/libscotch.a","/Volumes/bordeaux/IBT12-arm/thirdparty/macosx/petsc-3.19-opt/lib/libscotcherr.a","/Volumes/bordeaux/IBT12-arm/thirdparty/macosx/petsc-3.19-opt/lib/libparmetis.a","/Volumes/bordeaux/IBT12-arm/thirdparty/macosx/petsc-3.19-opt/lib/libmetis.a","/Volumes/bordeaux/IBT-arm/thirdparty/macosx/openMPI-64bit/lib/libmpi_usempif08.dylib","/Volumes/bordeaux/IBT-arm/thirdparty/macosx/openMPI-64bit/lib/libmpi_usempi_ignore_tkr.a","/Volumes/bordeaux/IBT-arm/thirdparty/macosx/openMPI-64bit/lib/libmpi_mpifh.dylib","/Volumes/bordeaux/IBT-arm/thirdparty/macosx/openMPI-64bit/lib/libmpi.dylib",/opt/local/lib/gcc11/libgfortran.dylib,"/opt/local/lib/gcc11/gcc/arm64-apple-darwin21/11.3.0/libemutls_w.a",/opt/local/lib/gcc11/libquadmath.dylib,"/Applications/Xcode.app/Contents/Developer/Platforms/MacOSX.platform/Developer/SDKs/MacOSX13.3.sdk/usr/lib/libc++.tbd","/Volumes/bordeaux/IBT12-arm/thirdparty/macosx/petsc-3.19-opt/lib/libscalapack.a",/Users/jd827/Software/CardioMechanics/_buildXC/lib/macosx/Release/libLattice.a,/opt/local/lib/libz.dylib,"$(inherited)");
				OTHER_REZFLAGS = "";
				PRODUCT_NAME = acCELLerate;
				SECTORDER_FLAGS = "";
				SYMROOT = /Users/jd827/Software/CardioMechanics/_buildXC/electrophysiology/src/acCELLerate;
				USE_HEADERMAP = NO;
				WARNING_CFLAGS = ("$(inherited)");
			};
			name = Release;
		};
		9B99070799B94422BFC86909 /* MinSizeRel */ = {
			isa = XCBuildConfiguration;
			buildSettings = {
				ARCHS = arm64;
				SDKROOT = /Applications/Xcode.app/Contents/Developer/Platforms/MacOSX.platform/Developer/SDKs/MacOSX13.3.sdk;
				SYMROOT = /Users/jd827/Software/CardioMechanics/_buildXC/electrophysiology/src/acCELLerate/build;
			};
			name = MinSizeRel;
		};
		ACFACE6853AE47A48F5EB65D /* MinSizeRel */ = {
			isa = XCBuildConfiguration;
			buildSettings = {
				ARCHS = arm64;
				COMBINE_HIDPI_IMAGES = YES;
				CONFIGURATION_BUILD_DIR = /Users/jd827/Software/CardioMechanics/_buildXC/electrophysiology/src/acCELLerate/acCELLerate.build/MinSizeRel/kaTabularizedFunction.build/;
				GCC_GENERATE_DEBUGGING_SYMBOLS = NO;
				GCC_INLINES_ARE_PRIVATE_EXTERN = NO;
				GCC_OPTIMIZATION_LEVEL = s;
				GCC_PREPROCESSOR_DEFINITIONS = ("'CMAKE_INTDIR=\"$(CONFIGURATION)$(EFFECTIVE_PLATFORM_NAME)\"'",__DARWIN__,"$(inherited)");
				GCC_SYMBOLS_PRIVATE_EXTERN = NO;
				HEADER_SEARCH_PATHS = (/Users/jd827/Software/CardioMechanics/electrophysiology/src/acCELLerate/.,/Users/jd827/Software/CardioMechanics/electrophysiology/src/acCELLerate/../Lattice,/Users/jd827/Software/CardioMechanics/electrophysiology/src/acCELLerate/../MathBasics,/Users/jd827/Software/CardioMechanics/electrophysiology/src/acCELLerate/../CellModel,"/Volumes/bordeaux/IBT12-arm/thirdparty/macosx/petsc-3.19-opt/include","/Volumes/bordeaux/IBT12-arm/thirdparty/macosx/openMPI-64bit/include","$(inherited)");
				INSTALL_PATH = "";
				LIBRARY_STYLE = STATIC;
				ONLY_ACTIVE_ARCH = NO;
				OTHER_CPLUSPLUSFLAGS = "-std=c++11 -pedantic -Wall -Werror=vla -Wno-extra-semi     -DNDEBUG -DKADEBUG=0 -DMATERIAL_PROPERTY_DEBUG=0 '-stdlib=libc++'   -Wno-unused-private-field -Wno-unused-variable -Wno-reorder";
				OTHER_LIBTOOLFLAGS = ("");
				OTHER_REZFLAGS = "";
				PRODUCT_NAME = kaTabularizedFunction;
				SECTORDER_FLAGS = "";
				SYMROOT = /Users/jd827/Software/CardioMechanics/_buildXC/electrophysiology/src/acCELLerate;
				USE_HEADERMAP = NO;
				WARNING_CFLAGS = ("$(inherited)");
			};
			name = MinSizeRel;
		};
		B0757AF53C344226B8478D58 /* RelWithDebInfo */ = {
			isa = XCBuildConfiguration;
			buildSettings = {
				ARCHS = arm64;
				SDKROOT = /Applications/Xcode.app/Contents/Developer/Platforms/MacOSX.platform/Developer/SDKs/MacOSX13.3.sdk;
				SYMROOT = /Users/jd827/Software/CardioMechanics/_buildXC/electrophysiology/src/acCELLerate/build;
			};
			name = RelWithDebInfo;
		};
		B6191DD9577C46789E3DFFEC /* Debug */ = {
			isa = XCBuildConfiguration;
			buildSettings = {
				ARCHS = arm64;
				COMBINE_HIDPI_IMAGES = YES;
				CONFIGURATION_BUILD_DIR = /Users/jd827/Software/CardioMechanics/_buildXC/bin/macosx/Debug;
				EXECUTABLE_PREFIX = "";
				EXECUTABLE_SUFFIX = "";
				GCC_GENERATE_DEBUGGING_SYMBOLS = YES;
				GCC_INLINES_ARE_PRIVATE_EXTERN = NO;
				GCC_OPTIMIZATION_LEVEL = 0;
				GCC_PREPROCESSOR_DEFINITIONS = ("'CMAKE_INTDIR=\"$(CONFIGURATION)$(EFFECTIVE_PLATFORM_NAME)\"'",__DARWIN__,"$(inherited)");
				GCC_SYMBOLS_PRIVATE_EXTERN = NO;
				HEADER_SEARCH_PATHS = (/Users/jd827/Software/CardioMechanics/electrophysiology/src/acCELLerate/.,/Users/jd827/Software/CardioMechanics/electrophysiology/src/acCELLerate/../Lattice,/Users/jd827/Software/CardioMechanics/electrophysiology/src/acCELLerate/../MathBasics,/Users/jd827/Software/CardioMechanics/electrophysiology/src/acCELLerate/../CellModel,"/Volumes/bordeaux/IBT12-arm/thirdparty/macosx/petsc-3.19-opt/include","/Volumes/bordeaux/IBT12-arm/thirdparty/macosx/openMPI-64bit/include","$(inherited)");
				INSTALL_PATH = "";
				LD_RUNPATH_SEARCH_PATHS = ("/Volumes/bordeaux/IBT12-arm/thirdparty/macosx/petsc-3.19-opt/lib /Volumes/bordeaux/IBT-arm/thirdparty/macosx/openMPI-64bit/lib /opt/local/lib/gcc11/gcc/arm64-apple-darwin21/11.3.0 /opt/local/lib/gcc11","$(inherited)");
				LIBRARY_SEARCH_PATHS = ("/Volumes/bordeaux/IBT12-arm/thirdparty/macosx/petsc-3.19-opt/lib/$(CONFIGURATION)$(EFFECTIVE_PLATFORM_NAME)","/Volumes/bordeaux/IBT12-arm/thirdparty/macosx/petsc-3.19-opt/lib","/Volumes/bordeaux/IBT-arm/thirdparty/macosx/openMPI-64bit/lib/$(CONFIGURATION)$(EFFECTIVE_PLATFORM_NAME)","/Volumes/bordeaux/IBT-arm/thirdparty/macosx/openMPI-64bit/lib","/opt/local/lib/gcc11/gcc/arm64-apple-darwin21/11.3.0/$(CONFIGURATION)$(EFFECTIVE_PLATFORM_NAME)","/opt/local/lib/gcc11/gcc/arm64-apple-darwin21/11.3.0","/opt/local/lib/gcc11/$(CONFIGURATION)$(EFFECTIVE_PLATFORM_NAME)",/opt/local/lib/gcc11,"$(inherited)");
				ONLY_ACTIVE_ARCH = NO;
				OTHER_CPLUSPLUSFLAGS = "-std=c++11 -pedantic -Wall -Werror=vla -Wno-extra-semi        -DKADEBUG=1 -DMATERIAL_PROPERTY_DEBUG=1 '-stdlib=libc++'   -Wno-unused-private-field -Wno-unused-variable -Wno-reorder";
				OTHER_LDFLAGS = (" -stdlib=libc++ -lc++abi -Wl,-search_paths_first -Wl,-headerpad_max_install_names","/Users/jd827/Software/CardioMechanics/_buildXC/electrophysiology/src/acCELLerate/$(PROJECT_NAME).build/$(CONFIGURATION)$(EFFECTIVE_PLATFORM_NAME)/PETScLSE.build/$(OBJECT_FILE_DIR_normal:base)/arm64/PETScLSE.o","/Users/jd827/Software/CardioMechanics/_buildXC/electrophysiology/src/acCELLerate/$(PROJECT_NAME).build/$(CONFIGURATION)$(EFFECTIVE_PLATFORM_NAME)/kaTabularizedFunction.build/$(OBJECT_FILE_DIR_normal:base)/arm64/kaTabularizedFunction.o",/Users/jd827/Software/CardioMechanics/_buildXC/lib/macosx/Debug/libCellModel.a,"/Volumes/bordeaux/IBT12-arm/thirdparty/macosx/petsc-3.19-opt/lib/libpetsc.a","/Volumes/bordeaux/IBT12-arm/thirdparty/macosx/petsc-3.19-opt/lib/libHYPRE.a","/Volumes/bordeaux/IBT12-arm/thirdparty/macosx/petsc-3.19-opt/lib/libdmumps.a","/Volumes/bordeaux/IBT12-arm/thirdparty/macosx/petsc-3.19-opt/lib/libmumps_common.a","/Volumes/bordeaux/IBT12-arm/thirdparty/macosx/petsc-3.19-opt/lib/libpord.a",/Applications/Xcode.app/Contents/Developer/Platforms/MacOSX.platform/Developer/SDKs/MacOSX13.3.sdk/usr/lib/libpthread.tbd,"-Xlinker -framework -Xlinker Accelerate","/Volumes/bordeaux/IBT12-arm/thirdparty/macosx/petsc-3.19-opt/lib/libsuperlu.a","/Volumes/bordeaux/IBT12-arm/thirdparty/macosx/petsc-3.19-opt/lib/libsuperlu_dist.a","/Volumes/bordeaux/IBT12-arm/thirdparty/macosx/petsc-3.19-opt/lib/libptesmumps.a","/Volumes/bordeaux/IBT12-arm/thirdparty/macosx/petsc-3.19-opt/lib/libptscotchparmetisv3.a","/Volumes/bordeaux/IBT12-arm/thirdparty/macosx/petsc-3.19-opt/lib/libptscotch.a","/Volumes/bordeaux/IBT12-arm/thirdparty/macosx/petsc-3.19-opt/lib/libptscotcherr.a","/Volumes/bordeaux/IBT12-arm/thirdparty/macosx/petsc-3.19-opt/lib/libesmumps.a","/Volumes/bordeaux/IBT12-arm/thirdparty/macosx/petsc-3.19-opt/lib/libscotch.a","/Volumes/bordeaux/IBT12-arm/thirdparty/macosx/petsc-3.19-opt/lib/libscotcherr.a","/Volumes/bordeaux/IBT12-arm/thirdparty/macosx/petsc-3.19-opt/lib/libparmetis.a","/Volumes/bordeaux/IBT12-arm/thirdparty/macosx/petsc-3.19-opt/lib/libmetis.a","/Volumes/bordeaux/IBT-arm/thirdparty/macosx/openMPI-64bit/lib/libmpi_usempif08.dylib","/Volumes/bordeaux/IBT-arm/thirdparty/macosx/openMPI-64bit/lib/libmpi_usempi_ignore_tkr.a","/Volumes/bordeaux/IBT-arm/thirdparty/macosx/openMPI-64bit/lib/libmpi_mpifh.dylib","/Volumes/bordeaux/IBT-arm/thirdparty/macosx/openMPI-64bit/lib/libmpi.dylib",/opt/local/lib/gcc11/libgfortran.dylib,"/opt/local/lib/gcc11/gcc/arm64-apple-darwin21/11.3.0/libemutls_w.a",/opt/local/lib/gcc11/libquadmath.dylib,"/Applications/Xcode.app/Contents/Developer/Platforms/MacOSX.platform/Developer/SDKs/MacOSX13.3.sdk/usr/lib/libc++.tbd","/Volumes/bordeaux/IBT12-arm/thirdparty/macosx/petsc-3.19-opt/lib/libscalapack.a",/Users/jd827/Software/CardioMechanics/_buildXC/lib/macosx/Debug/libLattice.a,/opt/local/lib/libz.dylib,"$(inherited)");
				OTHER_REZFLAGS = "";
				PRODUCT_NAME = acCELLerate;
				SECTORDER_FLAGS = "";
				SYMROOT = /Users/jd827/Software/CardioMechanics/_buildXC/electrophysiology/src/acCELLerate;
				USE_HEADERMAP = NO;
				WARNING_CFLAGS = ("$(inherited)");
			};
			name = Debug;
		};
		B8DC301EF8E0478585725341 /* RelWithDebInfo */ = {
			isa = XCBuildConfiguration;
			buildSettings = {
				ARCHS = arm64;
				COMBINE_HIDPI_IMAGES = YES;
				GCC_GENERATE_DEBUGGING_SYMBOLS = YES;
				GCC_INLINES_ARE_PRIVATE_EXTERN = NO;
				GCC_OPTIMIZATION_LEVEL = 0;
				GCC_PREPROCESSOR_DEFINITIONS = ("'CMAKE_INTDIR=\"$(CONFIGURATION)$(EFFECTIVE_PLATFORM_NAME)\"'","$(inherited)");
				GCC_SYMBOLS_PRIVATE_EXTERN = NO;
				INSTALL_PATH = "";
				ONLY_ACTIVE_ARCH = NO;
				OTHER_LDFLAGS = ("","$(inherited)");
				OTHER_REZFLAGS = "";
				PRODUCT_NAME = install;
				SECTORDER_FLAGS = "";
				SYMROOT = /Users/jd827/Software/CardioMechanics/_buildXC/electrophysiology/src/acCELLerate;
				USE_HEADERMAP = NO;
				WARNING_CFLAGS = ("$(inherited)");
			};
			name = RelWithDebInfo;
		};
		B9899969686D4297837DC05C /* Release */ = {
			isa = XCBuildConfiguration;
			buildSettings = {
				ARCHS = arm64;
				COMBINE_HIDPI_IMAGES = YES;
				GCC_GENERATE_DEBUGGING_SYMBOLS = YES;
				GCC_INLINES_ARE_PRIVATE_EXTERN = NO;
				GCC_OPTIMIZATION_LEVEL = 0;
				GCC_PREPROCESSOR_DEFINITIONS = ("'CMAKE_INTDIR=\"$(CONFIGURATION)$(EFFECTIVE_PLATFORM_NAME)\"'","$(inherited)");
				GCC_SYMBOLS_PRIVATE_EXTERN = NO;
				INSTALL_PATH = "";
				ONLY_ACTIVE_ARCH = NO;
				OTHER_LDFLAGS = ("","$(inherited)");
				OTHER_REZFLAGS = "";
				PRODUCT_NAME = ZERO_CHECK;
				SECTORDER_FLAGS = "";
				SYMROOT = /Users/jd827/Software/CardioMechanics/_buildXC/electrophysiology/src/acCELLerate;
				USE_HEADERMAP = NO;
				WARNING_CFLAGS = ("$(inherited)");
			};
			name = Release;
		};
		B9C3F08D687B4E659616FF52 /* RelWithDebInfo */ = {
			isa = XCBuildConfiguration;
			buildSettings = {
				ARCHS = arm64;
				COMBINE_HIDPI_IMAGES = YES;
				CONFIGURATION_BUILD_DIR = /Users/jd827/Software/CardioMechanics/_buildXC/electrophysiology/src/acCELLerate/acCELLerate.build/RelWithDebInfo/kaTabularizedFunction.build/;
				GCC_GENERATE_DEBUGGING_SYMBOLS = YES;
				GCC_INLINES_ARE_PRIVATE_EXTERN = NO;
				GCC_OPTIMIZATION_LEVEL = 3;
				GCC_PREPROCESSOR_DEFINITIONS = ("'CMAKE_INTDIR=\"$(CONFIGURATION)$(EFFECTIVE_PLATFORM_NAME)\"'",__DARWIN__,"$(inherited)");
				GCC_SYMBOLS_PRIVATE_EXTERN = NO;
				HEADER_SEARCH_PATHS = (/Users/jd827/Software/CardioMechanics/electrophysiology/src/acCELLerate/.,/Users/jd827/Software/CardioMechanics/electrophysiology/src/acCELLerate/../Lattice,/Users/jd827/Software/CardioMechanics/electrophysiology/src/acCELLerate/../MathBasics,/Users/jd827/Software/CardioMechanics/electrophysiology/src/acCELLerate/../CellModel,"/Volumes/bordeaux/IBT12-arm/thirdparty/macosx/petsc-3.19-opt/include","/Volumes/bordeaux/IBT12-arm/thirdparty/macosx/openMPI-64bit/include","$(inherited)");
				INSTALL_PATH = "";
				LIBRARY_STYLE = STATIC;
				ONLY_ACTIVE_ARCH = NO;
				OTHER_CPLUSPLUSFLAGS = "-std=c++11 -pedantic -Wall -Werror=vla -Wno-extra-semi        -DNDEBUG -DKADEBUG=0 -DMATERIAL_PROPERTY_DEBUG=0 '-stdlib=libc++'   -Wno-unused-private-field -Wno-unused-variable -Wno-reorder";
				OTHER_LIBTOOLFLAGS = ("");
				OTHER_REZFLAGS = "";
				PRODUCT_NAME = kaTabularizedFunction;
				SECTORDER_FLAGS = "";
				SYMROOT = /Users/jd827/Software/CardioMechanics/_buildXC/electrophysiology/src/acCELLerate;
				USE_HEADERMAP = NO;
				WARNING_CFLAGS = ("$(inherited)");
			};
			name = RelWithDebInfo;
		};
		BBF84B600CF04EFF9E8EF4D0 /* RelWithDebInfo */ = {
			isa = XCBuildConfiguration;
			buildSettings = {
				ARCHS = arm64;
				COMBINE_HIDPI_IMAGES = YES;
				GCC_GENERATE_DEBUGGING_SYMBOLS = YES;
				GCC_INLINES_ARE_PRIVATE_EXTERN = NO;
				GCC_OPTIMIZATION_LEVEL = 0;
				GCC_PREPROCESSOR_DEFINITIONS = ("'CMAKE_INTDIR=\"$(CONFIGURATION)$(EFFECTIVE_PLATFORM_NAME)\"'","$(inherited)");
				GCC_SYMBOLS_PRIVATE_EXTERN = NO;
				INSTALL_PATH = "";
				ONLY_ACTIVE_ARCH = NO;
				OTHER_LDFLAGS = ("","$(inherited)");
				OTHER_REZFLAGS = "";
				PRODUCT_NAME = ZERO_CHECK;
				SECTORDER_FLAGS = "";
				SYMROOT = /Users/jd827/Software/CardioMechanics/_buildXC/electrophysiology/src/acCELLerate;
				USE_HEADERMAP = NO;
				WARNING_CFLAGS = ("$(inherited)");
			};
			name = RelWithDebInfo;
		};
		C9D2271E155647BEBC878754 /* RelWithDebInfo */ = {
			isa = XCBuildConfiguration;
			buildSettings = {
				ARCHS = arm64;
				COMBINE_HIDPI_IMAGES = YES;
				CONFIGURATION_BUILD_DIR = /Users/jd827/Software/CardioMechanics/_buildXC/bin/macosx/RelWithDebInfo;
				EXECUTABLE_PREFIX = "";
				EXECUTABLE_SUFFIX = "";
				GCC_GENERATE_DEBUGGING_SYMBOLS = YES;
				GCC_INLINES_ARE_PRIVATE_EXTERN = NO;
				GCC_OPTIMIZATION_LEVEL = 3;
				GCC_PREPROCESSOR_DEFINITIONS = ("'CMAKE_INTDIR=\"$(CONFIGURATION)$(EFFECTIVE_PLATFORM_NAME)\"'",__DARWIN__,"$(inherited)");
				GCC_SYMBOLS_PRIVATE_EXTERN = NO;
				HEADER_SEARCH_PATHS = (/Users/jd827/Software/CardioMechanics/electrophysiology/src/acCELLerate/.,/Users/jd827/Software/CardioMechanics/electrophysiology/src/acCELLerate/../Lattice,/Users/jd827/Software/CardioMechanics/electrophysiology/src/acCELLerate/../MathBasics,/Users/jd827/Software/CardioMechanics/electrophysiology/src/acCELLerate/../CellModel,"/Volumes/bordeaux/IBT12-arm/thirdparty/macosx/petsc-3.19-opt/include","/Volumes/bordeaux/IBT12-arm/thirdparty/macosx/openMPI-64bit/include","$(inherited)");
				INSTALL_PATH = "";
				LD_RUNPATH_SEARCH_PATHS = ("/Volumes/bordeaux/IBT12-arm/thirdparty/macosx/petsc-3.19-opt/lib /Volumes/bordeaux/IBT-arm/thirdparty/macosx/openMPI-64bit/lib /opt/local/lib/gcc11/gcc/arm64-apple-darwin21/11.3.0 /opt/local/lib/gcc11","$(inherited)");
				LIBRARY_SEARCH_PATHS = ("/Volumes/bordeaux/IBT12-arm/thirdparty/macosx/petsc-3.19-opt/lib/$(CONFIGURATION)$(EFFECTIVE_PLATFORM_NAME)","/Volumes/bordeaux/IBT12-arm/thirdparty/macosx/petsc-3.19-opt/lib","/Volumes/bordeaux/IBT-arm/thirdparty/macosx/openMPI-64bit/lib/$(CONFIGURATION)$(EFFECTIVE_PLATFORM_NAME)","/Volumes/bordeaux/IBT-arm/thirdparty/macosx/openMPI-64bit/lib","/opt/local/lib/gcc11/gcc/arm64-apple-darwin21/11.3.0/$(CONFIGURATION)$(EFFECTIVE_PLATFORM_NAME)","/opt/local/lib/gcc11/gcc/arm64-apple-darwin21/11.3.0","/opt/local/lib/gcc11/$(CONFIGURATION)$(EFFECTIVE_PLATFORM_NAME)",/opt/local/lib/gcc11,"$(inherited)");
				ONLY_ACTIVE_ARCH = NO;
				OTHER_CPLUSPLUSFLAGS = "-std=c++11 -pedantic -Wall -Werror=vla -Wno-extra-semi        -DNDEBUG -DKADEBUG=0 -DMATERIAL_PROPERTY_DEBUG=0 '-stdlib=libc++'   -Wno-unused-private-field -Wno-unused-variable -Wno-reorder";
				OTHER_LDFLAGS = (" -stdlib=libc++ -lc++abi -Wl,-search_paths_first -Wl,-headerpad_max_install_names","/Users/jd827/Software/CardioMechanics/_buildXC/electrophysiology/src/acCELLerate/$(PROJECT_NAME).build/$(CONFIGURATION)$(EFFECTIVE_PLATFORM_NAME)/PETScLSE.build/$(OBJECT_FILE_DIR_normal:base)/arm64/PETScLSE.o","/Users/jd827/Software/CardioMechanics/_buildXC/electrophysiology/src/acCELLerate/$(PROJECT_NAME).build/$(CONFIGURATION)$(EFFECTIVE_PLATFORM_NAME)/kaTabularizedFunction.build/$(OBJECT_FILE_DIR_normal:base)/arm64/kaTabularizedFunction.o",/Users/jd827/Software/CardioMechanics/_buildXC/lib/macosx/RelWithDebInfo/libCellModel.a,"/Volumes/bordeaux/IBT12-arm/thirdparty/macosx/petsc-3.19-opt/lib/libpetsc.a","/Volumes/bordeaux/IBT12-arm/thirdparty/macosx/petsc-3.19-opt/lib/libHYPRE.a","/Volumes/bordeaux/IBT12-arm/thirdparty/macosx/petsc-3.19-opt/lib/libdmumps.a","/Volumes/bordeaux/IBT12-arm/thirdparty/macosx/petsc-3.19-opt/lib/libmumps_common.a","/Volumes/bordeaux/IBT12-arm/thirdparty/macosx/petsc-3.19-opt/lib/libpord.a",/Applications/Xcode.app/Contents/Developer/Platforms/MacOSX.platform/Developer/SDKs/MacOSX13.3.sdk/usr/lib/libpthread.tbd,"-Xlinker -framework -Xlinker Accelerate","/Volumes/bordeaux/IBT12-arm/thirdparty/macosx/petsc-3.19-opt/lib/libsuperlu.a","/Volumes/bordeaux/IBT12-arm/thirdparty/macosx/petsc-3.19-opt/lib/libsuperlu_dist.a","/Volumes/bordeaux/IBT12-arm/thirdparty/macosx/petsc-3.19-opt/lib/libptesmumps.a","/Volumes/bordeaux/IBT12-arm/thirdparty/macosx/petsc-3.19-opt/lib/libptscotchparmetisv3.a","/Volumes/bordeaux/IBT12-arm/thirdparty/macosx/petsc-3.19-opt/lib/libptscotch.a","/Volumes/bordeaux/IBT12-arm/thirdparty/macosx/petsc-3.19-opt/lib/libptscotcherr.a","/Volumes/bordeaux/IBT12-arm/thirdparty/macosx/petsc-3.19-opt/lib/libesmumps.a","/Volumes/bordeaux/IBT12-arm/thirdparty/macosx/petsc-3.19-opt/lib/libscotch.a","/Volumes/bordeaux/IBT12-arm/thirdparty/macosx/petsc-3.19-opt/lib/libscotcherr.a","/Volumes/bordeaux/IBT12-arm/thirdparty/macosx/petsc-3.19-opt/lib/libparmetis.a","/Volumes/bordeaux/IBT12-arm/thirdparty/macosx/petsc-3.19-opt/lib/libmetis.a","/Volumes/bordeaux/IBT-arm/thirdparty/macosx/openMPI-64bit/lib/libmpi_usempif08.dylib","/Volumes/bordeaux/IBT-arm/thirdparty/macosx/openMPI-64bit/lib/libmpi_usempi_ignore_tkr.a","/Volumes/bordeaux/IBT-arm/thirdparty/macosx/openMPI-64bit/lib/libmpi_mpifh.dylib","/Volumes/bordeaux/IBT-arm/thirdparty/macosx/openMPI-64bit/lib/libmpi.dylib",/opt/local/lib/gcc11/libgfortran.dylib,"/opt/local/lib/gcc11/gcc/arm64-apple-darwin21/11.3.0/libemutls_w.a",/opt/local/lib/gcc11/libquadmath.dylib,"/Applications/Xcode.app/Contents/Developer/Platforms/MacOSX.platform/Developer/SDKs/MacOSX13.3.sdk/usr/lib/libc++.tbd","/Volumes/bordeaux/IBT12-arm/thirdparty/macosx/petsc-3.19-opt/lib/libscalapack.a",/Users/jd827/Software/CardioMechanics/_buildXC/lib/macosx/RelWithDebInfo/libLattice.a,/opt/local/lib/libz.dylib,"$(inherited)");
				OTHER_REZFLAGS = "";
				PRODUCT_NAME = acCELLerate;
				SECTORDER_FLAGS = "";
				SYMROOT = /Users/jd827/Software/CardioMechanics/_buildXC/electrophysiology/src/acCELLerate;
				USE_HEADERMAP = NO;
				WARNING_CFLAGS = ("$(inherited)");
			};
			name = RelWithDebInfo;
		};
		D29A2A153D0949E28A732151 /* Release */ = {
			isa = XCBuildConfiguration;
			buildSettings = {
				ARCHS = arm64;
				SDKROOT = /Applications/Xcode.app/Contents/Developer/Platforms/MacOSX.platform/Developer/SDKs/MacOSX13.3.sdk;
				SYMROOT = /Users/jd827/Software/CardioMechanics/_buildXC/electrophysiology/src/acCELLerate/build;
			};
			name = Release;
		};
		D3425EC8FE934790B0DE2E4A /* RelWithDebInfo */ = {
			isa = XCBuildConfiguration;
			buildSettings = {
				ARCHS = arm64;
				COMBINE_HIDPI_IMAGES = YES;
				GCC_GENERATE_DEBUGGING_SYMBOLS = YES;
				GCC_INLINES_ARE_PRIVATE_EXTERN = NO;
				GCC_OPTIMIZATION_LEVEL = 0;
				GCC_PREPROCESSOR_DEFINITIONS = ("'CMAKE_INTDIR=\"$(CONFIGURATION)$(EFFECTIVE_PLATFORM_NAME)\"'","$(inherited)");
				GCC_SYMBOLS_PRIVATE_EXTERN = NO;
				INSTALL_PATH = "";
				ONLY_ACTIVE_ARCH = NO;
				OTHER_LDFLAGS = ("","$(inherited)");
				OTHER_REZFLAGS = "";
				PRODUCT_NAME = ALL_BUILD;
				SECTORDER_FLAGS = "";
				SYMROOT = /Users/jd827/Software/CardioMechanics/_buildXC/electrophysiology/src/acCELLerate;
				USE_HEADERMAP = NO;
				WARNING_CFLAGS = ("$(inherited)");
			};
			name = RelWithDebInfo;
		};
		F0558701089745DE992C3B6F /* Debug */ = {
			isa = XCBuildConfiguration;
			buildSettings = {
				ARCHS = arm64;
				COMBINE_HIDPI_IMAGES = YES;
				CONFIGURATION_BUILD_DIR = /Users/jd827/Software/CardioMechanics/_buildXC/electrophysiology/src/acCELLerate/acCELLerate.build/Debug/kaTabularizedFunction.build/;
				GCC_GENERATE_DEBUGGING_SYMBOLS = YES;
				GCC_INLINES_ARE_PRIVATE_EXTERN = NO;
				GCC_OPTIMIZATION_LEVEL = 0;
				GCC_PREPROCESSOR_DEFINITIONS = ("'CMAKE_INTDIR=\"$(CONFIGURATION)$(EFFECTIVE_PLATFORM_NAME)\"'",__DARWIN__,"$(inherited)");
				GCC_SYMBOLS_PRIVATE_EXTERN = NO;
				HEADER_SEARCH_PATHS = (/Users/jd827/Software/CardioMechanics/electrophysiology/src/acCELLerate/.,/Users/jd827/Software/CardioMechanics/electrophysiology/src/acCELLerate/../Lattice,/Users/jd827/Software/CardioMechanics/electrophysiology/src/acCELLerate/../MathBasics,/Users/jd827/Software/CardioMechanics/electrophysiology/src/acCELLerate/../CellModel,"/Volumes/bordeaux/IBT12-arm/thirdparty/macosx/petsc-3.19-opt/include","/Volumes/bordeaux/IBT12-arm/thirdparty/macosx/openMPI-64bit/include","$(inherited)");
				INSTALL_PATH = "";
				LIBRARY_STYLE = STATIC;
				ONLY_ACTIVE_ARCH = NO;
				OTHER_CPLUSPLUSFLAGS = "-std=c++11 -pedantic -Wall -Werror=vla -Wno-extra-semi        -DKADEBUG=1 -DMATERIAL_PROPERTY_DEBUG=1 '-stdlib=libc++'   -Wno-unused-private-field -Wno-unused-variable -Wno-reorder";
				OTHER_LIBTOOLFLAGS = ("");
				OTHER_REZFLAGS = "";
				PRODUCT_NAME = kaTabularizedFunction;
				SECTORDER_FLAGS = "";
				SYMROOT = /Users/jd827/Software/CardioMechanics/_buildXC/electrophysiology/src/acCELLerate;
				USE_HEADERMAP = NO;
				WARNING_CFLAGS = ("$(inherited)");
			};
			name = Debug;
		};
		F209A166DC6E422E91C165D0 /* MinSizeRel */ = {
			isa = XCBuildConfiguration;
			buildSettings = {
				ARCHS = arm64;
				COMBINE_HIDPI_IMAGES = YES;
				GCC_GENERATE_DEBUGGING_SYMBOLS = YES;
				GCC_INLINES_ARE_PRIVATE_EXTERN = NO;
				GCC_OPTIMIZATION_LEVEL = 0;
				GCC_PREPROCESSOR_DEFINITIONS = ("'CMAKE_INTDIR=\"$(CONFIGURATION)$(EFFECTIVE_PLATFORM_NAME)\"'","$(inherited)");
				GCC_SYMBOLS_PRIVATE_EXTERN = NO;
				INSTALL_PATH = "";
				ONLY_ACTIVE_ARCH = NO;
				OTHER_LDFLAGS = ("","$(inherited)");
				OTHER_REZFLAGS = "";
				PRODUCT_NAME = ZERO_CHECK;
				SECTORDER_FLAGS = "";
				SYMROOT = /Users/jd827/Software/CardioMechanics/_buildXC/electrophysiology/src/acCELLerate;
				USE_HEADERMAP = NO;
				WARNING_CFLAGS = ("$(inherited)");
			};
			name = MinSizeRel;
		};
		F43BC87158F8460AB54881EB /* MinSizeRel */ = {
			isa = XCBuildConfiguration;
			buildSettings = {
				ARCHS = arm64;
				COMBINE_HIDPI_IMAGES = YES;
				GCC_GENERATE_DEBUGGING_SYMBOLS = YES;
				GCC_INLINES_ARE_PRIVATE_EXTERN = NO;
				GCC_OPTIMIZATION_LEVEL = 0;
				GCC_PREPROCESSOR_DEFINITIONS = ("'CMAKE_INTDIR=\"$(CONFIGURATION)$(EFFECTIVE_PLATFORM_NAME)\"'","$(inherited)");
				GCC_SYMBOLS_PRIVATE_EXTERN = NO;
				INSTALL_PATH = "";
				ONLY_ACTIVE_ARCH = NO;
				OTHER_LDFLAGS = ("","$(inherited)");
				OTHER_REZFLAGS = "";
				PRODUCT_NAME = install;
				SECTORDER_FLAGS = "";
				SYMROOT = /Users/jd827/Software/CardioMechanics/_buildXC/electrophysiology/src/acCELLerate;
				USE_HEADERMAP = NO;
				WARNING_CFLAGS = ("$(inherited)");
			};
			name = MinSizeRel;
		};
		F47E4694039A47C7AA93AB3B /* Debug */ = {
			isa = XCBuildConfiguration;
			buildSettings = {
				ARCHS = arm64;
				SDKROOT = /Applications/Xcode.app/Contents/Developer/Platforms/MacOSX.platform/Developer/SDKs/MacOSX13.3.sdk;
				SYMROOT = /Users/jd827/Software/CardioMechanics/_buildXC/electrophysiology/src/acCELLerate/build;
			};
			name = Debug;
		};
		FF1E928C8F6D4A8E8EEF1FCE /* Debug */ = {
			isa = XCBuildConfiguration;
			buildSettings = {
				ARCHS = arm64;
				COMBINE_HIDPI_IMAGES = YES;
				GCC_GENERATE_DEBUGGING_SYMBOLS = YES;
				GCC_INLINES_ARE_PRIVATE_EXTERN = NO;
				GCC_OPTIMIZATION_LEVEL = 0;
				GCC_PREPROCESSOR_DEFINITIONS = ("'CMAKE_INTDIR=\"$(CONFIGURATION)$(EFFECTIVE_PLATFORM_NAME)\"'","$(inherited)");
				GCC_SYMBOLS_PRIVATE_EXTERN = NO;
				INSTALL_PATH = "";
				ONLY_ACTIVE_ARCH = NO;
				OTHER_LDFLAGS = ("","$(inherited)");
				OTHER_REZFLAGS = "";
				PRODUCT_NAME = ALL_BUILD;
				SECTORDER_FLAGS = "";
				SYMROOT = /Users/jd827/Software/CardioMechanics/_buildXC/electrophysiology/src/acCELLerate;
				USE_HEADERMAP = NO;
				WARNING_CFLAGS = ("$(inherited)");
			};
			name = Debug;
		};
/* End XCBuildConfiguration section */

/* Begin XCConfigurationList section */
		0B025F881FA94A418C6760BE /* Build configuration list for PBXProject "acCELLerate" */ = {
			isa = XCConfigurationList;
			buildConfigurations = (
				F47E4694039A47C7AA93AB3B /* Debug */,
				D29A2A153D0949E28A732151 /* Release */,
				9B99070799B94422BFC86909 /* MinSizeRel */,
				B0757AF53C344226B8478D58 /* RelWithDebInfo */,
			);
			defaultConfigurationIsVisible = 0;
			defaultConfigurationName = Debug;
		};
		5CB66DD5AB2447BCB8B2CCF6 /* Build configuration list for PBXAggregateTarget "ALL_BUILD" */ = {
			isa = XCConfigurationList;
			buildConfigurations = (
				FF1E928C8F6D4A8E8EEF1FCE /* Debug */,
				579754DC111A4CDF899DA33D /* Release */,
				7947A0D6768D463EAEE9CDC6 /* MinSizeRel */,
				D3425EC8FE934790B0DE2E4A /* RelWithDebInfo */,
			);
			defaultConfigurationIsVisible = 0;
			defaultConfigurationName = Debug;
		};
		8D77EF9203C34344AD40666C /* Build configuration list for PBXNativeTarget "acCELLerate" */ = {
			isa = XCConfigurationList;
			buildConfigurations = (
				B6191DD9577C46789E3DFFEC /* Debug */,
				92ED85491FDE469DAD337B16 /* Release */,
				782EB19B9E474E7AB021FEFF /* MinSizeRel */,
				C9D2271E155647BEBC878754 /* RelWithDebInfo */,
			);
			defaultConfigurationIsVisible = 0;
			defaultConfigurationName = Debug;
		};
		9B86356CCB9F4CE5BB03E559 /* Build configuration list for PBXNativeTarget "PETScLSE" */ = {
			isa = XCConfigurationList;
			buildConfigurations = (
				923C3E49FC3A4CBF84028113 /* Debug */,
				60E77010998E4E94BFF0F2A9 /* Release */,
				9065BADDE21640DB90BB0A73 /* MinSizeRel */,
				8A449ADC05624ADEA32F3FCE /* RelWithDebInfo */,
			);
			defaultConfigurationIsVisible = 0;
			defaultConfigurationName = Debug;
		};
		A28CAA81F00F4294AC33EB3C /* Build configuration list for PBXNativeTarget "kaTabularizedFunction" */ = {
			isa = XCConfigurationList;
			buildConfigurations = (
				F0558701089745DE992C3B6F /* Debug */,
				4D1D0BE4A09E463F9B52DF9E /* Release */,
				ACFACE6853AE47A48F5EB65D /* MinSizeRel */,
				B9C3F08D687B4E659616FF52 /* RelWithDebInfo */,
			);
			defaultConfigurationIsVisible = 0;
			defaultConfigurationName = Debug;
		};
		AE8233E3348340BD86FB0793 /* Build configuration list for PBXAggregateTarget "install" */ = {
			isa = XCConfigurationList;
			buildConfigurations = (
				7FED24BB782A4258ADA0EE62 /* Debug */,
				902BBB552C7B48EC90D809C3 /* Release */,
				F43BC87158F8460AB54881EB /* MinSizeRel */,
				B8DC301EF8E0478585725341 /* RelWithDebInfo */,
			);
			defaultConfigurationIsVisible = 0;
			defaultConfigurationName = Debug;
		};
		CD307373DFE64B798F6D81E8 /* Build configuration list for PBXAggregateTarget "ZERO_CHECK" */ = {
			isa = XCConfigurationList;
			buildConfigurations = (
				62B242CB93214B62A4AF24B8 /* Debug */,
				B9899969686D4297837DC05C /* Release */,
				F209A166DC6E422E91C165D0 /* MinSizeRel */,
				BBF84B600CF04EFF9E8EF4D0 /* RelWithDebInfo */,
			);
			defaultConfigurationIsVisible = 0;
			defaultConfigurationName = Debug;
		};
/* End XCConfigurationList section */
	};
	rootObject = 986489995C1D435187093DFB /* Project object */;
}
